
Microsoft Visual Studio Solution File, Format Version 11.00
# Visual C++ Express 2010
Project("{8BC9CEB8-8B4A-11D0-8D11-00A0C91BC942}") = "ARD", "ARD\ARD.vcxproj", "{043709F5-5323-4DE4-AAA4-FDFAE619CA92}"
	ProjectSection(ProjectDependencies) = postProject
		{34681F0D-CE45-415D-B5F2-5C662DFE3BD5} = {34681F0D-CE45-415D-B5F2-5C662DFE3BD5}
		{E4EF614B-30DF-4954-8C53-580A0BF6B589} = {E4EF614B-30DF-4954-8C53-580A0BF6B589}
	EndProjectSection
EndProject
Project("{8BC9CEB8-8B4A-11D0-8D11-00A0C91BC942}") = "SoundEngine", "SoundEngine\SoundEngine.vcxproj", "{E0ADAD9B-1ED2-42B5-97EE-F2B1F4CCBC7A}"
EndProject
Project("{8BC9CEB8-8B4A-11D0-8D11-00A0C91BC942}") = "gmock", "..\..\develop\SDK\gmock-1.6.0\msvc\2010\gmock.vcxproj", "{34681F0D-CE45-415D-B5F2-5C662DFE3BD5}"
EndProject
Project("{8BC9CEB8-8B4A-11D0-8D11-00A0C91BC942}") = "gmock_main", "..\..\develop\SDK\gmock-1.6.0\msvc\2010\gmock_main.vcxproj", "{E4EF614B-30DF-4954-8C53-580A0BF6B589}"
EndProject
Project("{8BC9CEB8-8B4A-11D0-8D11-00A0C91BC942}") = "ARD_test", "ARD_test\ARD_test.vcxproj", "{1824E06E-E89F-4979-94D4-19CBA35849A8}"
EndProject
Global
	GlobalSection(SolutionConfigurationPlatforms) = preSolution
		Debug|Win32 = Debug|Win32
		Release|Win32 = Release|Win32
	EndGlobalSection
	GlobalSection(ProjectConfigurationPlatforms) = postSolution
		{043709F5-5323-4DE4-AAA4-FDFAE619CA92}.Debug|Win32.ActiveCfg = Debug|Win32
		{043709F5-5323-4DE4-AAA4-FDFAE619CA92}.Debug|Win32.Build.0 = Debug|Win32
		{043709F5-5323-4DE4-AAA4-FDFAE619CA92}.Release|Win32.ActiveCfg = Release|Win32
		{043709F5-5323-4DE4-AAA4-FDFAE619CA92}.Release|Win32.Build.0 = Release|Win32
		{E0ADAD9B-1ED2-42B5-97EE-F2B1F4CCBC7A}.Debug|Win32.ActiveCfg = Debug|Win32
		{E0ADAD9B-1ED2-42B5-97EE-F2B1F4CCBC7A}.Debug|Win32.Build.0 = Debug|Win32
		{E0ADAD9B-1ED2-42B5-97EE-F2B1F4CCBC7A}.Release|Win32.ActiveCfg = Release|Win32
		{E0ADAD9B-1ED2-42B5-97EE-F2B1F4CCBC7A}.Release|Win32.Build.0 = Release|Win32
		{34681F0D-CE45-415D-B5F2-5C662DFE3BD5}.Debug|Win32.ActiveCfg = Debug|Win32
		{34681F0D-CE45-415D-B5F2-5C662DFE3BD5}.Debug|Win32.Build.0 = Debug|Win32
		{34681F0D-CE45-415D-B5F2-5C662DFE3BD5}.Release|Win32.ActiveCfg = Release|Win32
		{34681F0D-CE45-415D-B5F2-5C662DFE3BD5}.Release|Win32.Build.0 = Release|Win32
		{E4EF614B-30DF-4954-8C53-580A0BF6B589}.Debug|Win32.ActiveCfg = Debug|Win32
		{E4EF614B-30DF-4954-8C53-580A0BF6B589}.Debug|Win32.Build.0 = Debug|Win32
		{E4EF614B-30DF-4954-8C53-580A0BF6B589}.Release|Win32.ActiveCfg = Release|Win32
		{E4EF614B-30DF-4954-8C53-580A0BF6B589}.Release|Win32.Build.0 = Release|Win32
		{1824E06E-E89F-4979-94D4-19CBA35849A8}.Debug|Win32.ActiveCfg = Debug|Win32
		{1824E06E-E89F-4979-94D4-19CBA35849A8}.Debug|Win32.Build.0 = Debug|Win32
		{1824E06E-E89F-4979-94D4-19CBA35849A8}.Release|Win32.ActiveCfg = Release|Win32
		{1824E06E-E89F-4979-94D4-19CBA35849A8}.Release|Win32.Build.0 = Release|Win32
	EndGlobalSection
	GlobalSection(SolutionProperties) = preSolution
		HideSolutionNode = FALSE
	EndGlobalSection
EndGlobal
