// !$*UTF8*$!
{
	archiveVersion = 1;
	classes = {
	};
	objectVersion = 46;
	objects = {

/* Begin PBXBuildFile section */
		9D22195713DD4D99003534D6 /* libfftw3.dylib in Frameworks */ = {isa = PBXBuildFile; fileRef = 9D22195613DD4D99003534D6 /* libfftw3.dylib */; };
		9D39096713C0730800A4B0A1 /* sound_field.cpp in Sources */ = {isa = PBXBuildFile; fileRef = 9D39096313C0730800A4B0A1 /* sound_field.cpp */; };
		9D39096813C0730800A4B0A1 /* transforms.cpp in Sources */ = {isa = PBXBuildFile; fileRef = 9D39096513C0730800A4B0A1 /* transforms.cpp */; };
		9D7B8C2413B4D4C000295959 /* SDL.framework in Frameworks */ = {isa = PBXBuildFile; fileRef = 9D7B8C2313B4D4C000295959 /* SDL.framework */; };
		9D7B8C2913B4DC2C00295959 /* main.cpp in Sources */ = {isa = PBXBuildFile; fileRef = 9D7B8C2713B4DC2C00295959 /* main.cpp */; };
		9D8F90B813C8B7C800A87C85 /* Cocoa.framework in Frameworks */ = {isa = PBXBuildFile; fileRef = 9D7B8C2513B4D4C800295959 /* Cocoa.framework */; };
		9D8F90BD13C8BBA000A87C85 /* ARD.framework in Frameworks */ = {isa = PBXBuildFile; fileRef = 9D8F90BB13C8BB8C00A87C85 /* ARD.framework */; };
/* End PBXBuildFile section */

/* Begin PBXCopyFilesBuildPhase section */
		9D7B8C0813B4D06300295959 /* CopyFiles */ = {
			isa = PBXCopyFilesBuildPhase;
			buildActionMask = 2147483647;
			dstPath = /usr/share/man/man1/;
			dstSubfolderSpec = 0;
			files = (
			);
			runOnlyForDeploymentPostprocessing = 1;
		};
/* End PBXCopyFilesBuildPhase section */

/* Begin PBXFileReference section */
		9D22195613DD4D99003534D6 /* libfftw3.dylib */ = {isa = PBXFileReference; lastKnownFileType = "compiled.mach-o.dylib"; name = libfftw3.dylib; path = /usr/local/lib/libfftw3.dylib; sourceTree = "<absolute>"; };
		9D39096313C0730800A4B0A1 /* sound_field.cpp */ = {isa = PBXFileReference; fileEncoding = 4; lastKnownFileType = sourcecode.cpp.cpp; name = sound_field.cpp; path = ../sound_field.cpp; sourceTree = "<group>"; };
		9D39096413C0730800A4B0A1 /* sound_field.h */ = {isa = PBXFileReference; fileEncoding = 4; lastKnownFileType = sourcecode.c.h; name = sound_field.h; path = ../sound_field.h; sourceTree = "<group>"; };
		9D39096513C0730800A4B0A1 /* transforms.cpp */ = {isa = PBXFileReference; fileEncoding = 4; lastKnownFileType = sourcecode.cpp.cpp; name = transforms.cpp; path = ../transforms.cpp; sourceTree = "<group>"; };
		9D39096613C0730800A4B0A1 /* transforms.h */ = {isa = PBXFileReference; fileEncoding = 4; lastKnownFileType = sourcecode.c.h; name = transforms.h; path = ../transforms.h; sourceTree = "<group>"; };
		9D39096B13C0733800A4B0A1 /* boost_rand_test.cpp */ = {isa = PBXFileReference; fileEncoding = 4; lastKnownFileType = sourcecode.cpp.cpp; path = boost_rand_test.cpp; sourceTree = "<group>"; };
		9D39096C13C0733800A4B0A1 /* multi_array_test.cpp */ = {isa = PBXFileReference; fileEncoding = 4; lastKnownFileType = sourcecode.cpp.cpp; path = multi_array_test.cpp; sourceTree = "<group>"; };
		9D39096D13C0733800A4B0A1 /* transforms_test.cpp */ = {isa = PBXFileReference; fileEncoding = 4; lastKnownFileType = sourcecode.cpp.cpp; path = transforms_test.cpp; sourceTree = "<group>"; };
		9D7B8C0A13B4D06300295959 /* 2DVisualizer */ = {isa = PBXFileReference; explicitFileType = "compiled.mach-o.executable"; includeInIndex = 0; path = 2DVisualizer; sourceTree = BUILT_PRODUCTS_DIR; };
		9D7B8C2313B4D4C000295959 /* SDL.framework */ = {isa = PBXFileReference; lastKnownFileType = wrapper.framework; name = SDL.framework; path = Library/Frameworks/SDL.framework; sourceTree = SDKROOT; };
		9D7B8C2513B4D4C800295959 /* Cocoa.framework */ = {isa = PBXFileReference; lastKnownFileType = wrapper.framework; name = Cocoa.framework; path = System/Library/Frameworks/Cocoa.framework; sourceTree = SDKROOT; };
		9D7B8C2713B4DC2C00295959 /* main.cpp */ = {isa = PBXFileReference; fileEncoding = 4; lastKnownFileType = sourcecode.cpp.cpp; name = main.cpp; path = ../../2DVisualizer/main.cpp; sourceTree = "<group>"; };
		9D8F90BB13C8BB8C00A87C85 /* ARD.framework */ = {isa = PBXFileReference; explicitFileType = wrapper.framework; path = ARD.framework; sourceTree = BUILT_PRODUCTS_DIR; };
/* End PBXFileReference section */

/* Begin PBXFrameworksBuildPhase section */
		9D7B8C0713B4D06300295959 /* Frameworks */ = {
			isa = PBXFrameworksBuildPhase;
			buildActionMask = 2147483647;
			files = (
				9D8F90BD13C8BBA000A87C85 /* ARD.framework in Frameworks */,
				9D8F90B813C8B7C800A87C85 /* Cocoa.framework in Frameworks */,
				9D7B8C2413B4D4C000295959 /* SDL.framework in Frameworks */,
				9D22195713DD4D99003534D6 /* libfftw3.dylib in Frameworks */,
			);
			runOnlyForDeploymentPostprocessing = 0;
		};
/* End PBXFrameworksBuildPhase section */

/* Begin PBXGroup section */
		9D39096A13C0733800A4B0A1 /* test */ = {
			isa = PBXGroup;
			children = (
				9D39096B13C0733800A4B0A1 /* boost_rand_test.cpp */,
				9D39096C13C0733800A4B0A1 /* multi_array_test.cpp */,
				9D39096D13C0733800A4B0A1 /* transforms_test.cpp */,
			);
			name = test;
			path = ../test;
			sourceTree = "<group>";
		};
		9D39097313C0737E00A4B0A1 /* Frameworks */ = {
			isa = PBXGroup;
			children = (
				9D22195613DD4D99003534D6 /* libfftw3.dylib */,
				9D8F90BB13C8BB8C00A87C85 /* ARD.framework */,
				9D7B8C2513B4D4C800295959 /* Cocoa.framework */,
				9D7B8C2313B4D4C000295959 /* SDL.framework */,
			);
			name = Frameworks;
			sourceTree = "<group>";
		};
		9D7B8BFF13B4D06300295959 = {
			isa = PBXGroup;
			children = (
				9D39096313C0730800A4B0A1 /* sound_field.cpp */,
				9D39096413C0730800A4B0A1 /* sound_field.h */,
				9D39096513C0730800A4B0A1 /* transforms.cpp */,
				9D39096613C0730800A4B0A1 /* transforms.h */,
				9D7B8C2713B4DC2C00295959 /* main.cpp */,
				9D39096A13C0733800A4B0A1 /* test */,
				9D39097313C0737E00A4B0A1 /* Frameworks */,
				9D7B8C2213B4D2E400295959 /* Support Files */,
				9D7B8C0B13B4D06300295959 /* Products */,
			);
			sourceTree = "<group>";
		};
		9D7B8C0B13B4D06300295959 /* Products */ = {
			isa = PBXGroup;
			children = (
				9D7B8C0A13B4D06300295959 /* 2DVisualizer */,
			);
			name = Products;
			sourceTree = "<group>";
		};
		9D7B8C2213B4D2E400295959 /* Support Files */ = {
			isa = PBXGroup;
			children = (
			);
			name = "Support Files";
			sourceTree = "<group>";
		};
/* End PBXGroup section */

/* Begin PBXNativeTarget section */
		9D7B8C0913B4D06300295959 /* 2DVisualizer */ = {
			isa = PBXNativeTarget;
			buildConfigurationList = 9D7B8C1313B4D06300295959 /* Build configuration list for PBXNativeTarget "2DVisualizer" */;
			buildPhases = (
				9D7B8C0613B4D06300295959 /* Sources */,
				9D7B8C0713B4D06300295959 /* Frameworks */,
				9D7B8C0813B4D06300295959 /* CopyFiles */,
			);
			buildRules = (
			);
			dependencies = (
			);
			name = 2DVisualizer;
			productName = 2DVisualizer;
			productReference = 9D7B8C0A13B4D06300295959 /* 2DVisualizer */;
			productType = "com.apple.product-type.tool";
		};
/* End PBXNativeTarget section */

/* Begin PBXProject section */
		9D7B8C0113B4D06300295959 /* Project object */ = {
			isa = PBXProject;
			buildConfigurationList = 9D7B8C0413B4D06300295959 /* Build configuration list for PBXProject "2DVisualizer" */;
			compatibilityVersion = "Xcode 3.2";
			developmentRegion = English;
			hasScannedForEncodings = 0;
			knownRegions = (
				en,
			);
			mainGroup = 9D7B8BFF13B4D06300295959;
			productRefGroup = 9D7B8C0B13B4D06300295959 /* Products */;
			projectDirPath = "";
			projectRoot = "";
			targets = (
				9D7B8C0913B4D06300295959 /* 2DVisualizer */,
			);
		};
/* End PBXProject section */

/* Begin PBXSourcesBuildPhase section */
		9D7B8C0613B4D06300295959 /* Sources */ = {
			isa = PBXSourcesBuildPhase;
			buildActionMask = 2147483647;
			files = (
				9D7B8C2913B4DC2C00295959 /* main.cpp in Sources */,
				9D39096713C0730800A4B0A1 /* sound_field.cpp in Sources */,
				9D39096813C0730800A4B0A1 /* transforms.cpp in Sources */,
			);
			runOnlyForDeploymentPostprocessing = 0;
		};
/* End PBXSourcesBuildPhase section */

/* Begin XCBuildConfiguration section */
		9D7B8C1113B4D06300295959 /* Debug */ = {
			isa = XCBuildConfiguration;
			buildSettings = {
				ALWAYS_SEARCH_USER_PATHS = YES;
				ARCHS = "$(ARCHS_STANDARD_32_64_BIT)";
				GCC_C_LANGUAGE_STANDARD = gnu99;
				GCC_ENABLE_OBJC_GC = unsupported;
				GCC_OPTIMIZATION_LEVEL = 0;
				GCC_PREPROCESSOR_DEFINITIONS = DEBUG;
				GCC_SYMBOLS_PRIVATE_EXTERN = NO;
				GCC_VERSION = com.apple.compilers.llvm.clang.1_0;
				GCC_WARN_64_TO_32_BIT_CONVERSION = YES;
				GCC_WARN_ABOUT_RETURN_TYPE = YES;
				GCC_WARN_UNUSED_VARIABLE = YES;
				MACOSX_DEPLOYMENT_TARGET = 10.6;
				ONLY_ACTIVE_ARCH = YES;
				SDKROOT = macosx;
			};
			name = Debug;
		};
		9D7B8C1213B4D06300295959 /* Release */ = {
			isa = XCBuildConfiguration;
			buildSettings = {
				ALWAYS_SEARCH_USER_PATHS = YES;
				ARCHS = "$(ARCHS_STANDARD_32_64_BIT)";
				GCC_C_LANGUAGE_STANDARD = gnu99;
				GCC_ENABLE_OBJC_GC = unsupported;
				GCC_VERSION = com.apple.compilers.llvm.clang.1_0;
				GCC_WARN_64_TO_32_BIT_CONVERSION = YES;
				GCC_WARN_ABOUT_RETURN_TYPE = YES;
				GCC_WARN_UNUSED_VARIABLE = YES;
				MACOSX_DEPLOYMENT_TARGET = 10.6;
				ONLY_ACTIVE_ARCH = YES;
				SDKROOT = macosx;
			};
			name = Release;
		};
		9D7B8C1413B4D06300295959 /* Debug */ = {
			isa = XCBuildConfiguration;
			buildSettings = {
				ALWAYS_SEARCH_USER_PATHS = NO;
				COPY_PHASE_STRIP = NO;
				GCC_DYNAMIC_NO_PIC = NO;
				GCC_ENABLE_OBJC_EXCEPTIONS = YES;
				GCC_INPUT_FILETYPE = sourcecode.cpp.objcpp;
				GCC_VERSION = com.apple.compilers.llvm.clang.1_0;
				HEADER_SEARCH_PATHS = (
					/Users/TyounanMOTI/Develop/ARD/ARD/include,
					/usr/local/include,
				);
				PRODUCT_NAME = "$(TARGET_NAME)";
			};
			name = Debug;
		};
		9D7B8C1513B4D06300295959 /* Release */ = {
			isa = XCBuildConfiguration;
			buildSettings = {
				ALWAYS_SEARCH_USER_PATHS = NO;
				COPY_PHASE_STRIP = YES;
				DEBUG_INFORMATION_FORMAT = "dwarf-with-dsym";
				GCC_ENABLE_OBJC_EXCEPTIONS = YES;
				GCC_INPUT_FILETYPE = sourcecode.cpp.objcpp;
				GCC_VERSION = com.apple.compilers.llvm.clang.1_0;
				HEADER_SEARCH_PATHS = (
					/Users/TyounanMOTI/Develop/ARD/ARD/include,
					/usr/local/include,
				);
				PRODUCT_NAME = "$(TARGET_NAME)";
			};
			name = Release;
		};
/* End XCBuildConfiguration section */

/* Begin XCConfigurationList section */
		9D7B8C0413B4D06300295959 /* Build configuration list for PBXProject "2DVisualizer" */ = {
			isa = XCConfigurationList;
			buildConfigurations = (
				9D7B8C1113B4D06300295959 /* Debug */,
				9D7B8C1213B4D06300295959 /* Release */,
			);
			defaultConfigurationIsVisible = 0;
			defaultConfigurationName = Release;
		};
		9D7B8C1313B4D06300295959 /* Build configuration list for PBXNativeTarget "2DVisualizer" */ = {
			isa = XCConfigurationList;
			buildConfigurations = (
				9D7B8C1413B4D06300295959 /* Debug */,
				9D7B8C1513B4D06300295959 /* Release */,
			);
			defaultConfigurationIsVisible = 0;
			defaultConfigurationName = Release;
		};
/* End XCConfigurationList section */
	};
	rootObject = 9D7B8C0113B4D06300295959 /* Project object */;
}
