<?xml version="1.0" encoding="utf-8"?>
<Project ToolsVersion="4.0" xmlns="http://schemas.microsoft.com/developer/msbuild/2003">
  <ItemGroup>
    <Filter Include="ヘッダー ファイル">
      <UniqueIdentifier>{93995380-89BD-4b04-88EB-625FBE52EBFB}</UniqueIdentifier>
      <Extensions>h;hpp;hxx;hm;inl;inc;xsd</Extensions>
    </Filter>
    <Filter Include="テスト ファイル">
      <UniqueIdentifier>{4FC737F1-C7A5-4376-A066-2A32D752A2FF}</UniqueIdentifier>
      <Extensions>cpp;c;cc;cxx;def;odl;idl;hpj;bat;asm;asmx</Extensions>
    </Filter>
    <Filter Include="グラフ化">
      <UniqueIdentifier>{fa0afede-947c-49d8-b43c-c5ee3f06fdec}</UniqueIdentifier>
    </Filter>
  </ItemGroup>
  <ItemGroup>
    <ClCompile Include="..\..\..\..\..\develop\SDK\gmock-1.6.0\src\gmock_main.cc" />
    <ClCompile Include="..\..\test\fftw_test.cpp">
      <Filter>テスト ファイル</Filter>
    </ClCompile>
    <ClCompile Include="..\..\test\force_field_test.cpp">
      <Filter>テスト ファイル</Filter>
    </ClCompile>
    <ClCompile Include="..\..\test\point_microphone_test.cpp">
      <Filter>テスト ファイル</Filter>
    </ClCompile>
    <ClCompile Include="..\..\test\position_test.cpp">
      <Filter>テスト ファイル</Filter>
    </ClCompile>
    <ClCompile Include="..\..\test\pressure_spectrum_test.cpp">
      <Filter>テスト ファイル</Filter>
    </ClCompile>
    <ClCompile Include="..\..\test\scene_test.cpp">
      <Filter>テスト ファイル</Filter>
    </ClCompile>
    <ClCompile Include="..\..\test\size_test.cpp">
      <Filter>テスト ファイル</Filter>
    </ClCompile>
    <ClCompile Include="..\..\test\source_test.cpp">
      <Filter>テスト ファイル</Filter>
    </ClCompile>
    <ClCompile Include="..\..\test\spectrum_pool_test.cpp">
      <Filter>テスト ファイル</Filter>
    </ClCompile>
    <ClCompile Include="..\..\test\whole_field_microphone_test.cpp">
      <Filter>テスト ファイル</Filter>
    </ClCompile>
    <ClCompile Include="..\..\test\fftw_array_test.cpp">
      <Filter>テスト ファイル</Filter>
    </ClCompile>
    <ClCompile Include="..\..\test\fftw_dct_engine_factory_test.cpp">
      <Filter>テスト ファイル</Filter>
    </ClCompile>
    <ClCompile Include="..\..\test\fftw_double_dct_engine_test.cpp">
      <Filter>テスト ファイル</Filter>
    </ClCompile>
    <ClCompile Include="..\..\test\fftw_float_dct_engine_test.cpp">
      <Filter>テスト ファイル</Filter>
    </ClCompile>
    <ClCompile Include="..\..\test\cufft_test.cpp">
      <Filter>テスト ファイル</Filter>
    </ClCompile>
    <ClCompile Include="..\..\test\plot\output_array.cpp">
      <Filter>グラフ化</Filter>
    </ClCompile>
    <ClCompile Include="..\..\test\cufft_real_array_test.cpp">
      <Filter>テスト ファイル</Filter>
    </ClCompile>
  </ItemGroup>
  <ItemGroup>
    <None Include="..\..\test\plot\plot_1d.py">
      <Filter>グラフ化</Filter>
    </None>
    <None Include="..\..\test\plot\plot_2d.py">
      <Filter>グラフ化</Filter>
    </None>
  </ItemGroup>
  <ItemGroup>
    <ClInclude Include="..\..\test\plot\output_array.h">
      <Filter>グラフ化</Filter>
    </ClInclude>
  </ItemGroup>
</Project>