// !$*UTF8*$!
{
	archiveVersion = 1;
	classes = {
	};
	objectVersion = 46;
	objects = {

/* Begin PBXBuildFile section */
		9D39095F13C0715B00A4B0A1 /* spectrum_pool.h in Headers */ = {isa = PBXBuildFile; fileRef = 9D39095E13C0713200A4B0A1 /* spectrum_pool.h */; };
		9D39096113C0718A00A4B0A1 /* spectrum_pool.cpp in Sources */ = {isa = PBXBuildFile; fileRef = 9D39096013C0718A00A4B0A1 /* spectrum_pool.cpp */; };
		9D59932513C3155F0022C280 /* source_test.cpp in Sources */ = {isa = PBXBuildFile; fileRef = 9D59932313C3155F0022C280 /* source_test.cpp */; };
		9D59932713C316270022C280 /* source.h in Headers */ = {isa = PBXBuildFile; fileRef = 9D59932613C316260022C280 /* source.h */; };
		9D59932A13C317680022C280 /* source.cpp in Sources */ = {isa = PBXBuildFile; fileRef = 9D59932813C317680022C280 /* source.cpp */; };
		9D8FC0DE13B1F4CD00D244A9 /* fftw_array.h in Headers */ = {isa = PBXBuildFile; fileRef = 9D8FC0CD13B1F4CD00D244A9 /* fftw_array.h */; };
		9D8FC0DF13B1F4CD00D244A9 /* fftw_plan.h in Headers */ = {isa = PBXBuildFile; fileRef = 9D8FC0CE13B1F4CD00D244A9 /* fftw_plan.h */; };
		9D8FC0E013B1F4CD00D244A9 /* force_field.h in Headers */ = {isa = PBXBuildFile; fileRef = 9D8FC0CF13B1F4CD00D244A9 /* force_field.h */; };
		9D8FC0E113B1F4CD00D244A9 /* force_spectrum.h in Headers */ = {isa = PBXBuildFile; fileRef = 9D8FC0D013B1F4CD00D244A9 /* force_spectrum.h */; };
		9D8FC0E213B1F4CD00D244A9 /* microphone.h in Headers */ = {isa = PBXBuildFile; fileRef = 9D8FC0D113B1F4CD00D244A9 /* microphone.h */; };
		9D8FC0E313B1F4CD00D244A9 /* mode_coefficient.h in Headers */ = {isa = PBXBuildFile; fileRef = 9D8FC0D213B1F4CD00D244A9 /* mode_coefficient.h */; };
		9D8FC0E513B1F4CD00D244A9 /* position.h in Headers */ = {isa = PBXBuildFile; fileRef = 9D8FC0D413B1F4CD00D244A9 /* position.h */; };
		9D8FC0E613B1F4CD00D244A9 /* power.h in Headers */ = {isa = PBXBuildFile; fileRef = 9D8FC0D513B1F4CD00D244A9 /* power.h */; };
		9D8FC0E713B1F4CD00D244A9 /* precision.h in Headers */ = {isa = PBXBuildFile; fileRef = 9D8FC0D613B1F4CD00D244A9 /* precision.h */; };
		9D8FC0E813B1F4CD00D244A9 /* pressure_field.h in Headers */ = {isa = PBXBuildFile; fileRef = 9D8FC0D713B1F4CD00D244A9 /* pressure_field.h */; };
		9D8FC0E913B1F4CD00D244A9 /* pressure_spectrum.h in Headers */ = {isa = PBXBuildFile; fileRef = 9D8FC0D813B1F4CD00D244A9 /* pressure_spectrum.h */; };
		9D8FC0EA13B1F4CD00D244A9 /* pressure.h in Headers */ = {isa = PBXBuildFile; fileRef = 9D8FC0D913B1F4CD00D244A9 /* pressure.h */; };
		9D8FC0EB13B1F4CD00D244A9 /* scene.h in Headers */ = {isa = PBXBuildFile; fileRef = 9D8FC0DA13B1F4CD00D244A9 /* scene.h */; };
		9D8FC0EC13B1F4CD00D244A9 /* signal.h in Headers */ = {isa = PBXBuildFile; fileRef = 9D8FC0DB13B1F4CD00D244A9 /* signal.h */; };
		9D8FC0ED13B1F4CD00D244A9 /* size.h in Headers */ = {isa = PBXBuildFile; fileRef = 9D8FC0DC13B1F4CD00D244A9 /* size.h */; };
		9D8FC0EE13B1F4CD00D244A9 /* spectrum.h in Headers */ = {isa = PBXBuildFile; fileRef = 9D8FC0DD13B1F4CD00D244A9 /* spectrum.h */; };
		9D8FC0F913B1F4E900D244A9 /* fftw_array.cpp in Sources */ = {isa = PBXBuildFile; fileRef = 9D8FC0EF13B1F4E900D244A9 /* fftw_array.cpp */; };
		9D8FC0FA13B1F4E900D244A9 /* force_field.cpp in Sources */ = {isa = PBXBuildFile; fileRef = 9D8FC0F013B1F4E900D244A9 /* force_field.cpp */; };
		9D8FC0FB13B1F4E900D244A9 /* microphone.cpp in Sources */ = {isa = PBXBuildFile; fileRef = 9D8FC0F113B1F4E900D244A9 /* microphone.cpp */; };
		9D8FC0FE13B1F4E900D244A9 /* pressure_spectrum.cpp in Sources */ = {isa = PBXBuildFile; fileRef = 9D8FC0F413B1F4E900D244A9 /* pressure_spectrum.cpp */; };
		9D8FC0FF13B1F4E900D244A9 /* scene.cpp in Sources */ = {isa = PBXBuildFile; fileRef = 9D8FC0F513B1F4E900D244A9 /* scene.cpp */; };
		9D8FC10013B1F4E900D244A9 /* signal.cpp in Sources */ = {isa = PBXBuildFile; fileRef = 9D8FC0F613B1F4E900D244A9 /* signal.cpp */; };
		9D8FC10113B1F4E900D244A9 /* size.cpp in Sources */ = {isa = PBXBuildFile; fileRef = 9D8FC0F713B1F4E900D244A9 /* size.cpp */; };
		9D8FC10213B1F4E900D244A9 /* spectrum.cpp in Sources */ = {isa = PBXBuildFile; fileRef = 9D8FC0F813B1F4E900D244A9 /* spectrum.cpp */; };
		9D8FC10713B1F50500D244A9 /* output_fftw_array.cpp in Sources */ = {isa = PBXBuildFile; fileRef = 9D8FC10513B1F50500D244A9 /* output_fftw_array.cpp */; };
		9D8FC11213B1F55800D244A9 /* fftw_test.cpp in Sources */ = {isa = PBXBuildFile; fileRef = 9D8FC10813B1F55800D244A9 /* fftw_test.cpp */; };
		9D8FC11313B1F55800D244A9 /* force_field_test.cpp in Sources */ = {isa = PBXBuildFile; fileRef = 9D8FC10913B1F55800D244A9 /* force_field_test.cpp */; };
		9D8FC11413B1F55800D244A9 /* microphone_test.cpp in Sources */ = {isa = PBXBuildFile; fileRef = 9D8FC10A13B1F55800D244A9 /* microphone_test.cpp */; };
		9D8FC11513B1F55800D244A9 /* spectrum_pool_test.cpp in Sources */ = {isa = PBXBuildFile; fileRef = 9D8FC10B13B1F55800D244A9 /* spectrum_pool_test.cpp */; };
		9D8FC11613B1F55800D244A9 /* multi_array_test.cpp in Sources */ = {isa = PBXBuildFile; fileRef = 9D8FC10C13B1F55800D244A9 /* multi_array_test.cpp */; };
		9D8FC11713B1F55800D244A9 /* pressure_field_test.cpp in Sources */ = {isa = PBXBuildFile; fileRef = 9D8FC10D13B1F55800D244A9 /* pressure_field_test.cpp */; };
		9D8FC11813B1F55800D244A9 /* pressure_spectrum_test.cpp in Sources */ = {isa = PBXBuildFile; fileRef = 9D8FC10E13B1F55800D244A9 /* pressure_spectrum_test.cpp */; };
		9D8FC11913B1F55800D244A9 /* scene_test.cpp in Sources */ = {isa = PBXBuildFile; fileRef = 9D8FC10F13B1F55800D244A9 /* scene_test.cpp */; };
		9D8FC11A13B1F55800D244A9 /* signal_test.cpp in Sources */ = {isa = PBXBuildFile; fileRef = 9D8FC11013B1F55800D244A9 /* signal_test.cpp */; };
		9D8FC11B13B1F55800D244A9 /* size_test.cpp in Sources */ = {isa = PBXBuildFile; fileRef = 9D8FC11113B1F55800D244A9 /* size_test.cpp */; };
		9DFD7BEB13978BCB0073F9E5 /* InfoPlist.strings in Resources */ = {isa = PBXBuildFile; fileRef = 9DFD7BE913978BCB0073F9E5 /* InfoPlist.strings */; };
		9DFD7C0D13978C5B0073F9E5 /* ARD.framework in Frameworks */ = {isa = PBXBuildFile; fileRef = 9DFD7BDD13978BCB0073F9E5 /* ARD.framework */; };
		9DFD7C1113978C730073F9E5 /* gtest.framework in Frameworks */ = {isa = PBXBuildFile; fileRef = 9DFD7C1013978C730073F9E5 /* gtest.framework */; };
		9DFD7C1813978EAE0073F9E5 /* libgtest_main.a in Frameworks */ = {isa = PBXBuildFile; fileRef = 9DFD7C1713978EAE0073F9E5 /* libgtest_main.a */; };
		9DFD7C1C139895800073F9E5 /* libfftw3.dylib in Frameworks */ = {isa = PBXBuildFile; fileRef = 9DFD7C1B139895800073F9E5 /* libfftw3.dylib */; };
		9DFD7C6513A25F8D0073F9E5 /* libfftw3.dylib in Frameworks */ = {isa = PBXBuildFile; fileRef = 9DFD7C1B139895800073F9E5 /* libfftw3.dylib */; };
/* End PBXBuildFile section */

/* Begin PBXContainerItemProxy section */
		9DFD7C0E13978C6A0073F9E5 /* PBXContainerItemProxy */ = {
			isa = PBXContainerItemProxy;
			containerPortal = 9DFD7BB713978B7F0073F9E5 /* Project object */;
			proxyType = 1;
			remoteGlobalIDString = 9DFD7BDC13978BCB0073F9E5;
			remoteInfo = ARD;
		};
/* End PBXContainerItemProxy section */

/* Begin PBXFileReference section */
		9D2AE34513A5079B003BD84E /* plot_1d.py */ = {isa = PBXFileReference; fileEncoding = 4; lastKnownFileType = text.script.python; name = plot_1d.py; path = ../../ARD/test/plot/plot_1d.py; sourceTree = "<group>"; };
		9D39095E13C0713200A4B0A1 /* spectrum_pool.h */ = {isa = PBXFileReference; fileEncoding = 4; lastKnownFileType = sourcecode.c.h; path = spectrum_pool.h; sourceTree = "<group>"; };
		9D39096013C0718A00A4B0A1 /* spectrum_pool.cpp */ = {isa = PBXFileReference; fileEncoding = 4; lastKnownFileType = sourcecode.cpp.cpp; path = spectrum_pool.cpp; sourceTree = "<group>"; };
		9D59932313C3155F0022C280 /* source_test.cpp */ = {isa = PBXFileReference; fileEncoding = 4; lastKnownFileType = sourcecode.cpp.cpp; path = source_test.cpp; sourceTree = "<group>"; };
		9D59932613C316260022C280 /* source.h */ = {isa = PBXFileReference; fileEncoding = 4; lastKnownFileType = sourcecode.c.h; path = source.h; sourceTree = "<group>"; };
		9D59932813C317680022C280 /* source.cpp */ = {isa = PBXFileReference; fileEncoding = 4; lastKnownFileType = sourcecode.cpp.cpp; path = source.cpp; sourceTree = "<group>"; };
		9D8FC0CD13B1F4CD00D244A9 /* fftw_array.h */ = {isa = PBXFileReference; fileEncoding = 4; lastKnownFileType = sourcecode.c.h; path = fftw_array.h; sourceTree = "<group>"; };
		9D8FC0CE13B1F4CD00D244A9 /* fftw_plan.h */ = {isa = PBXFileReference; fileEncoding = 4; lastKnownFileType = sourcecode.c.h; path = fftw_plan.h; sourceTree = "<group>"; };
		9D8FC0CF13B1F4CD00D244A9 /* force_field.h */ = {isa = PBXFileReference; fileEncoding = 4; lastKnownFileType = sourcecode.c.h; path = force_field.h; sourceTree = "<group>"; };
		9D8FC0D013B1F4CD00D244A9 /* force_spectrum.h */ = {isa = PBXFileReference; fileEncoding = 4; lastKnownFileType = sourcecode.c.h; path = force_spectrum.h; sourceTree = "<group>"; };
		9D8FC0D113B1F4CD00D244A9 /* microphone.h */ = {isa = PBXFileReference; fileEncoding = 4; lastKnownFileType = sourcecode.c.h; path = microphone.h; sourceTree = "<group>"; };
		9D8FC0D213B1F4CD00D244A9 /* mode_coefficient.h */ = {isa = PBXFileReference; fileEncoding = 4; lastKnownFileType = sourcecode.c.h; path = mode_coefficient.h; sourceTree = "<group>"; };
		9D8FC0D413B1F4CD00D244A9 /* position.h */ = {isa = PBXFileReference; fileEncoding = 4; lastKnownFileType = sourcecode.c.h; path = position.h; sourceTree = "<group>"; };
		9D8FC0D513B1F4CD00D244A9 /* power.h */ = {isa = PBXFileReference; fileEncoding = 4; lastKnownFileType = sourcecode.c.h; path = power.h; sourceTree = "<group>"; };
		9D8FC0D613B1F4CD00D244A9 /* precision.h */ = {isa = PBXFileReference; fileEncoding = 4; lastKnownFileType = sourcecode.c.h; path = precision.h; sourceTree = "<group>"; };
		9D8FC0D713B1F4CD00D244A9 /* pressure_field.h */ = {isa = PBXFileReference; fileEncoding = 4; lastKnownFileType = sourcecode.c.h; path = pressure_field.h; sourceTree = "<group>"; };
		9D8FC0D813B1F4CD00D244A9 /* pressure_spectrum.h */ = {isa = PBXFileReference; fileEncoding = 4; lastKnownFileType = sourcecode.c.h; path = pressure_spectrum.h; sourceTree = "<group>"; };
		9D8FC0D913B1F4CD00D244A9 /* pressure.h */ = {isa = PBXFileReference; fileEncoding = 4; lastKnownFileType = sourcecode.c.h; path = pressure.h; sourceTree = "<group>"; };
		9D8FC0DA13B1F4CD00D244A9 /* scene.h */ = {isa = PBXFileReference; fileEncoding = 4; lastKnownFileType = sourcecode.c.h; path = scene.h; sourceTree = "<group>"; };
		9D8FC0DB13B1F4CD00D244A9 /* signal.h */ = {isa = PBXFileReference; fileEncoding = 4; lastKnownFileType = sourcecode.c.h; path = signal.h; sourceTree = "<group>"; };
		9D8FC0DC13B1F4CD00D244A9 /* size.h */ = {isa = PBXFileReference; fileEncoding = 4; lastKnownFileType = sourcecode.c.h; path = size.h; sourceTree = "<group>"; };
		9D8FC0DD13B1F4CD00D244A9 /* spectrum.h */ = {isa = PBXFileReference; fileEncoding = 4; lastKnownFileType = sourcecode.c.h; path = spectrum.h; sourceTree = "<group>"; };
		9D8FC0EF13B1F4E900D244A9 /* fftw_array.cpp */ = {isa = PBXFileReference; fileEncoding = 4; lastKnownFileType = sourcecode.cpp.cpp; path = fftw_array.cpp; sourceTree = "<group>"; };
		9D8FC0F013B1F4E900D244A9 /* force_field.cpp */ = {isa = PBXFileReference; fileEncoding = 4; lastKnownFileType = sourcecode.cpp.cpp; path = force_field.cpp; sourceTree = "<group>"; };
		9D8FC0F113B1F4E900D244A9 /* microphone.cpp */ = {isa = PBXFileReference; fileEncoding = 4; lastKnownFileType = sourcecode.cpp.cpp; path = microphone.cpp; sourceTree = "<group>"; };
		9D8FC0F413B1F4E900D244A9 /* pressure_spectrum.cpp */ = {isa = PBXFileReference; fileEncoding = 4; lastKnownFileType = sourcecode.cpp.cpp; path = pressure_spectrum.cpp; sourceTree = "<group>"; };
		9D8FC0F513B1F4E900D244A9 /* scene.cpp */ = {isa = PBXFileReference; fileEncoding = 4; lastKnownFileType = sourcecode.cpp.cpp; path = scene.cpp; sourceTree = "<group>"; };
		9D8FC0F613B1F4E900D244A9 /* signal.cpp */ = {isa = PBXFileReference; fileEncoding = 4; lastKnownFileType = sourcecode.cpp.cpp; path = signal.cpp; sourceTree = "<group>"; };
		9D8FC0F713B1F4E900D244A9 /* size.cpp */ = {isa = PBXFileReference; fileEncoding = 4; lastKnownFileType = sourcecode.cpp.cpp; path = size.cpp; sourceTree = "<group>"; };
		9D8FC0F813B1F4E900D244A9 /* spectrum.cpp */ = {isa = PBXFileReference; fileEncoding = 4; lastKnownFileType = sourcecode.cpp.cpp; path = spectrum.cpp; sourceTree = "<group>"; };
		9D8FC10513B1F50500D244A9 /* output_fftw_array.cpp */ = {isa = PBXFileReference; fileEncoding = 4; lastKnownFileType = sourcecode.cpp.cpp; name = output_fftw_array.cpp; path = ../../ARD/test/plot/output_fftw_array.cpp; sourceTree = "<group>"; };
		9D8FC10613B1F50500D244A9 /* output_fftw_array.h */ = {isa = PBXFileReference; fileEncoding = 4; lastKnownFileType = sourcecode.c.h; name = output_fftw_array.h; path = ../../ARD/test/plot/output_fftw_array.h; sourceTree = "<group>"; };
		9D8FC10813B1F55800D244A9 /* fftw_test.cpp */ = {isa = PBXFileReference; fileEncoding = 4; lastKnownFileType = sourcecode.cpp.cpp; path = fftw_test.cpp; sourceTree = "<group>"; };
		9D8FC10913B1F55800D244A9 /* force_field_test.cpp */ = {isa = PBXFileReference; fileEncoding = 4; lastKnownFileType = sourcecode.cpp.cpp; path = force_field_test.cpp; sourceTree = "<group>"; };
		9D8FC10A13B1F55800D244A9 /* microphone_test.cpp */ = {isa = PBXFileReference; fileEncoding = 4; lastKnownFileType = sourcecode.cpp.cpp; path = microphone_test.cpp; sourceTree = "<group>"; };
		9D8FC10B13B1F55800D244A9 /* spectrum_pool_test.cpp */ = {isa = PBXFileReference; fileEncoding = 4; lastKnownFileType = sourcecode.cpp.cpp; path = spectrum_pool_test.cpp; sourceTree = "<group>"; };
		9D8FC10C13B1F55800D244A9 /* multi_array_test.cpp */ = {isa = PBXFileReference; fileEncoding = 4; lastKnownFileType = sourcecode.cpp.cpp; path = multi_array_test.cpp; sourceTree = "<group>"; };
		9D8FC10D13B1F55800D244A9 /* pressure_field_test.cpp */ = {isa = PBXFileReference; fileEncoding = 4; lastKnownFileType = sourcecode.cpp.cpp; path = pressure_field_test.cpp; sourceTree = "<group>"; };
		9D8FC10E13B1F55800D244A9 /* pressure_spectrum_test.cpp */ = {isa = PBXFileReference; fileEncoding = 4; lastKnownFileType = sourcecode.cpp.cpp; path = pressure_spectrum_test.cpp; sourceTree = "<group>"; };
		9D8FC10F13B1F55800D244A9 /* scene_test.cpp */ = {isa = PBXFileReference; fileEncoding = 4; lastKnownFileType = sourcecode.cpp.cpp; path = scene_test.cpp; sourceTree = "<group>"; };
		9D8FC11013B1F55800D244A9 /* signal_test.cpp */ = {isa = PBXFileReference; fileEncoding = 4; lastKnownFileType = sourcecode.cpp.cpp; path = signal_test.cpp; sourceTree = "<group>"; };
		9D8FC11113B1F55800D244A9 /* size_test.cpp */ = {isa = PBXFileReference; fileEncoding = 4; lastKnownFileType = sourcecode.cpp.cpp; path = size_test.cpp; sourceTree = "<group>"; };
		9D9EA52D13A733E000994A17 /* plot_2d.py */ = {isa = PBXFileReference; lastKnownFileType = text.script.python; name = plot_2d.py; path = ../../ARD/test/plot/plot_2d.py; sourceTree = "<group>"; };
		9DFD7BDD13978BCB0073F9E5 /* ARD.framework */ = {isa = PBXFileReference; explicitFileType = wrapper.framework; includeInIndex = 0; path = ARD.framework; sourceTree = BUILT_PRODUCTS_DIR; };
		9DFD7BE813978BCB0073F9E5 /* ARD-Info.plist */ = {isa = PBXFileReference; lastKnownFileType = text.plist.xml; path = "ARD-Info.plist"; sourceTree = "<group>"; };
		9DFD7BEA13978BCB0073F9E5 /* en */ = {isa = PBXFileReference; lastKnownFileType = text.plist.strings; name = en; path = en.lproj/InfoPlist.strings; sourceTree = "<group>"; };
		9DFD7BFF13978C450073F9E5 /* ARD_test */ = {isa = PBXFileReference; explicitFileType = "compiled.mach-o.executable"; includeInIndex = 0; path = ARD_test; sourceTree = BUILT_PRODUCTS_DIR; };
		9DFD7C0413978C450073F9E5 /* ARD_test.1 */ = {isa = PBXFileReference; lastKnownFileType = text.man; name = ARD_test.1; path = ARD_test/ARD_test.1; sourceTree = SOURCE_ROOT; };
		9DFD7C1013978C730073F9E5 /* gtest.framework */ = {isa = PBXFileReference; lastKnownFileType = wrapper.framework; name = gtest.framework; path = SDKs/MacOSX10.6.sdk/Library/Frameworks/gtest.framework; sourceTree = DEVELOPER_DIR; };
		9DFD7C1713978EAE0073F9E5 /* libgtest_main.a */ = {isa = PBXFileReference; lastKnownFileType = archive.ar; name = libgtest_main.a; path = ../../../../../../Library/Frameworks/gtest.framework/Versions/A/Resources/libgtest_main.a; sourceTree = "<group>"; };
		9DFD7C1B139895800073F9E5 /* libfftw3.dylib */ = {isa = PBXFileReference; lastKnownFileType = "compiled.mach-o.dylib"; name = libfftw3.dylib; path = SDKs/MacOSX10.6.sdk/usr/local/lib/libfftw3.dylib; sourceTree = DEVELOPER_DIR; };
		9DFD7C1D1398B7950073F9E5 /* .gitignore */ = {isa = PBXFileReference; lastKnownFileType = text; name = .gitignore; path = ../../../.gitignore; sourceTree = "<group>"; };
/* End PBXFileReference section */

/* Begin PBXFrameworksBuildPhase section */
		9DFD7BD913978BCB0073F9E5 /* Frameworks */ = {
			isa = PBXFrameworksBuildPhase;
			buildActionMask = 2147483647;
			files = (
				9DFD7C6513A25F8D0073F9E5 /* libfftw3.dylib in Frameworks */,
			);
			runOnlyForDeploymentPostprocessing = 0;
		};
		9DFD7BFC13978C450073F9E5 /* Frameworks */ = {
			isa = PBXFrameworksBuildPhase;
			buildActionMask = 2147483647;
			files = (
				9DFD7C1C139895800073F9E5 /* libfftw3.dylib in Frameworks */,
				9DFD7C1113978C730073F9E5 /* gtest.framework in Frameworks */,
				9DFD7C0D13978C5B0073F9E5 /* ARD.framework in Frameworks */,
				9DFD7C1813978EAE0073F9E5 /* libgtest_main.a in Frameworks */,
			);
			runOnlyForDeploymentPostprocessing = 0;
		};
/* End PBXFrameworksBuildPhase section */

/* Begin PBXGroup section */
		9D2AE33713A50304003BD84E /* Plotting */ = {
			isa = PBXGroup;
			children = (
				9D8FC10513B1F50500D244A9 /* output_fftw_array.cpp */,
				9D8FC10613B1F50500D244A9 /* output_fftw_array.h */,
				9D2AE34513A5079B003BD84E /* plot_1d.py */,
				9D9EA52D13A733E000994A17 /* plot_2d.py */,
			);
			name = Plotting;
			sourceTree = "<group>";
		};
		9DFD7BB513978B7F0073F9E5 = {
			isa = PBXGroup;
			children = (
				9DFD7C9113A261AC0073F9E5 /* src */,
				9DFD7C7C13A261A40073F9E5 /* include */,
				9DFD7CA213A261B80073F9E5 /* test */,
				9D2AE33713A50304003BD84E /* Plotting */,
				9DFD7BDF13978BCB0073F9E5 /* Frameworks */,
				9DFD7BE713978BCB0073F9E5 /* Supporting Files */,
				9DFD7BDE13978BCB0073F9E5 /* Products */,
			);
			sourceTree = "<group>";
		};
		9DFD7BDE13978BCB0073F9E5 /* Products */ = {
			isa = PBXGroup;
			children = (
				9DFD7BFF13978C450073F9E5 /* ARD_test */,
			);
			name = Products;
			sourceTree = "<group>";
		};
		9DFD7BDF13978BCB0073F9E5 /* Frameworks */ = {
			isa = PBXGroup;
			children = (
				9DFD7C1013978C730073F9E5 /* gtest.framework */,
				9DFD7BDD13978BCB0073F9E5 /* ARD.framework */,
				9DFD7C1B139895800073F9E5 /* libfftw3.dylib */,
				9DFD7C1713978EAE0073F9E5 /* libgtest_main.a */,
			);
			name = Frameworks;
			sourceTree = "<group>";
		};
		9DFD7BE713978BCB0073F9E5 /* Supporting Files */ = {
			isa = PBXGroup;
			children = (
				9DFD7C0413978C450073F9E5 /* ARD_test.1 */,
				9DFD7BE813978BCB0073F9E5 /* ARD-Info.plist */,
				9DFD7BE913978BCB0073F9E5 /* InfoPlist.strings */,
				9DFD7C1D1398B7950073F9E5 /* .gitignore */,
			);
			name = "Supporting Files";
			path = ARD;
			sourceTree = "<group>";
		};
		9DFD7C7C13A261A40073F9E5 /* include */ = {
			isa = PBXGroup;
			children = (
				9D8FC0CD13B1F4CD00D244A9 /* fftw_array.h */,
				9D8FC0CE13B1F4CD00D244A9 /* fftw_plan.h */,
				9D8FC0CF13B1F4CD00D244A9 /* force_field.h */,
				9D8FC0D013B1F4CD00D244A9 /* force_spectrum.h */,
				9D8FC0D113B1F4CD00D244A9 /* microphone.h */,
				9D8FC0D213B1F4CD00D244A9 /* mode_coefficient.h */,
				9D8FC0D413B1F4CD00D244A9 /* position.h */,
				9D8FC0D513B1F4CD00D244A9 /* power.h */,
				9D8FC0D613B1F4CD00D244A9 /* precision.h */,
				9D8FC0D713B1F4CD00D244A9 /* pressure_field.h */,
				9D8FC0D813B1F4CD00D244A9 /* pressure_spectrum.h */,
				9D8FC0D913B1F4CD00D244A9 /* pressure.h */,
				9D8FC0DA13B1F4CD00D244A9 /* scene.h */,
				9D8FC0DB13B1F4CD00D244A9 /* signal.h */,
				9D8FC0DC13B1F4CD00D244A9 /* size.h */,
				9D39095E13C0713200A4B0A1 /* spectrum_pool.h */,
				9D8FC0DD13B1F4CD00D244A9 /* spectrum.h */,
				9D59932613C316260022C280 /* source.h */,
			);
			name = include;
			path = ../../ARD/include;
			sourceTree = "<group>";
		};
		9DFD7C9113A261AC0073F9E5 /* src */ = {
			isa = PBXGroup;
			children = (
				9D8FC0EF13B1F4E900D244A9 /* fftw_array.cpp */,
				9D8FC0F013B1F4E900D244A9 /* force_field.cpp */,
				9D8FC0F113B1F4E900D244A9 /* microphone.cpp */,
				9D8FC0F413B1F4E900D244A9 /* pressure_spectrum.cpp */,
				9D8FC0F513B1F4E900D244A9 /* scene.cpp */,
				9D8FC0F613B1F4E900D244A9 /* signal.cpp */,
				9D8FC0F713B1F4E900D244A9 /* size.cpp */,
				9D8FC0F813B1F4E900D244A9 /* spectrum.cpp */,
				9D39096013C0718A00A4B0A1 /* spectrum_pool.cpp */,
				9D59932813C317680022C280 /* source.cpp */,
			);
			name = src;
			path = ../../ARD/src;
			sourceTree = "<group>";
		};
		9DFD7CA213A261B80073F9E5 /* test */ = {
			isa = PBXGroup;
			children = (
				9D8FC10813B1F55800D244A9 /* fftw_test.cpp */,
				9D8FC10913B1F55800D244A9 /* force_field_test.cpp */,
				9D8FC10A13B1F55800D244A9 /* microphone_test.cpp */,
				9D8FC10B13B1F55800D244A9 /* spectrum_pool_test.cpp */,
				9D8FC10C13B1F55800D244A9 /* multi_array_test.cpp */,
				9D8FC10D13B1F55800D244A9 /* pressure_field_test.cpp */,
				9D8FC10E13B1F55800D244A9 /* pressure_spectrum_test.cpp */,
				9D8FC10F13B1F55800D244A9 /* scene_test.cpp */,
				9D8FC11013B1F55800D244A9 /* signal_test.cpp */,
				9D8FC11113B1F55800D244A9 /* size_test.cpp */,
				9D59932313C3155F0022C280 /* source_test.cpp */,
			);
			name = test;
			path = ../../ARD/test;
			sourceTree = "<group>";
		};
/* End PBXGroup section */

/* Begin PBXHeadersBuildPhase section */
		9DFD7BDA13978BCB0073F9E5 /* Headers */ = {
			isa = PBXHeadersBuildPhase;
			buildActionMask = 2147483647;
			files = (
				9D8FC0DE13B1F4CD00D244A9 /* fftw_array.h in Headers */,
				9D8FC0DF13B1F4CD00D244A9 /* fftw_plan.h in Headers */,
				9D8FC0E013B1F4CD00D244A9 /* force_field.h in Headers */,
				9D8FC0E113B1F4CD00D244A9 /* force_spectrum.h in Headers */,
				9D8FC0E213B1F4CD00D244A9 /* microphone.h in Headers */,
				9D8FC0E313B1F4CD00D244A9 /* mode_coefficient.h in Headers */,
				9D8FC0E513B1F4CD00D244A9 /* position.h in Headers */,
				9D8FC0E613B1F4CD00D244A9 /* power.h in Headers */,
				9D8FC0E713B1F4CD00D244A9 /* precision.h in Headers */,
				9D8FC0E813B1F4CD00D244A9 /* pressure_field.h in Headers */,
				9D8FC0E913B1F4CD00D244A9 /* pressure_spectrum.h in Headers */,
				9D8FC0EA13B1F4CD00D244A9 /* pressure.h in Headers */,
				9D8FC0EB13B1F4CD00D244A9 /* scene.h in Headers */,
				9D8FC0EC13B1F4CD00D244A9 /* signal.h in Headers */,
				9D8FC0ED13B1F4CD00D244A9 /* size.h in Headers */,
				9D39095F13C0715B00A4B0A1 /* spectrum_pool.h in Headers */,
				9D8FC0EE13B1F4CD00D244A9 /* spectrum.h in Headers */,
				9D59932713C316270022C280 /* source.h in Headers */,
			);
			runOnlyForDeploymentPostprocessing = 0;
		};
/* End PBXHeadersBuildPhase section */

/* Begin PBXNativeTarget section */
		9DFD7BDC13978BCB0073F9E5 /* ARD */ = {
			isa = PBXNativeTarget;
			buildConfigurationList = 9DFD7BED13978BCB0073F9E5 /* Build configuration list for PBXNativeTarget "ARD" */;
			buildPhases = (
				9DFD7BD813978BCB0073F9E5 /* Sources */,
				9DFD7BD913978BCB0073F9E5 /* Frameworks */,
				9DFD7BDA13978BCB0073F9E5 /* Headers */,
				9DFD7BDB13978BCB0073F9E5 /* Resources */,
			);
			buildRules = (
			);
			dependencies = (
			);
			name = ARD;
			productName = ARD;
			productReference = 9DFD7BDD13978BCB0073F9E5 /* ARD.framework */;
			productType = "com.apple.product-type.framework";
		};
		9DFD7BFE13978C450073F9E5 /* ARD_test */ = {
			isa = PBXNativeTarget;
			buildConfigurationList = 9DFD7C0513978C450073F9E5 /* Build configuration list for PBXNativeTarget "ARD_test" */;
			buildPhases = (
				9DFD7BFB13978C450073F9E5 /* Sources */,
				9DFD7BFC13978C450073F9E5 /* Frameworks */,
			);
			buildRules = (
			);
			dependencies = (
				9DFD7C0F13978C6A0073F9E5 /* PBXTargetDependency */,
			);
			name = ARD_test;
			productName = ARD_test;
			productReference = 9DFD7BFF13978C450073F9E5 /* ARD_test */;
			productType = "com.apple.product-type.tool";
		};
/* End PBXNativeTarget section */

/* Begin PBXProject section */
		9DFD7BB713978B7F0073F9E5 /* Project object */ = {
			isa = PBXProject;
			buildConfigurationList = 9DFD7BBA13978B7F0073F9E5 /* Build configuration list for PBXProject "ARD" */;
			compatibilityVersion = "Xcode 3.2";
			developmentRegion = English;
			hasScannedForEncodings = 0;
			knownRegions = (
				en,
			);
			mainGroup = 9DFD7BB513978B7F0073F9E5;
			productRefGroup = 9DFD7BDE13978BCB0073F9E5 /* Products */;
			projectDirPath = "";
			projectRoot = "";
			targets = (
				9DFD7BDC13978BCB0073F9E5 /* ARD */,
				9DFD7BFE13978C450073F9E5 /* ARD_test */,
			);
		};
/* End PBXProject section */

/* Begin PBXResourcesBuildPhase section */
		9DFD7BDB13978BCB0073F9E5 /* Resources */ = {
			isa = PBXResourcesBuildPhase;
			buildActionMask = 2147483647;
			files = (
				9DFD7BEB13978BCB0073F9E5 /* InfoPlist.strings in Resources */,
			);
			runOnlyForDeploymentPostprocessing = 0;
		};
/* End PBXResourcesBuildPhase section */

/* Begin PBXSourcesBuildPhase section */
		9DFD7BD813978BCB0073F9E5 /* Sources */ = {
			isa = PBXSourcesBuildPhase;
			buildActionMask = 2147483647;
			files = (
				9D8FC0F913B1F4E900D244A9 /* fftw_array.cpp in Sources */,
				9D8FC0FA13B1F4E900D244A9 /* force_field.cpp in Sources */,
				9D8FC0FB13B1F4E900D244A9 /* microphone.cpp in Sources */,
				9D8FC0FE13B1F4E900D244A9 /* pressure_spectrum.cpp in Sources */,
				9D8FC0FF13B1F4E900D244A9 /* scene.cpp in Sources */,
				9D8FC10013B1F4E900D244A9 /* signal.cpp in Sources */,
				9D8FC10113B1F4E900D244A9 /* size.cpp in Sources */,
				9D8FC10213B1F4E900D244A9 /* spectrum.cpp in Sources */,
				9D39096113C0718A00A4B0A1 /* spectrum_pool.cpp in Sources */,
				9D59932A13C317680022C280 /* source.cpp in Sources */,
			);
			runOnlyForDeploymentPostprocessing = 0;
		};
		9DFD7BFB13978C450073F9E5 /* Sources */ = {
			isa = PBXSourcesBuildPhase;
			buildActionMask = 2147483647;
			files = (
				9D8FC10713B1F50500D244A9 /* output_fftw_array.cpp in Sources */,
				9D8FC11213B1F55800D244A9 /* fftw_test.cpp in Sources */,
				9D8FC11313B1F55800D244A9 /* force_field_test.cpp in Sources */,
				9D8FC11413B1F55800D244A9 /* microphone_test.cpp in Sources */,
				9D8FC11513B1F55800D244A9 /* spectrum_pool_test.cpp in Sources */,
				9D8FC11613B1F55800D244A9 /* multi_array_test.cpp in Sources */,
				9D8FC11713B1F55800D244A9 /* pressure_field_test.cpp in Sources */,
				9D8FC11813B1F55800D244A9 /* pressure_spectrum_test.cpp in Sources */,
				9D8FC11913B1F55800D244A9 /* scene_test.cpp in Sources */,
				9D8FC11A13B1F55800D244A9 /* signal_test.cpp in Sources */,
				9D8FC11B13B1F55800D244A9 /* size_test.cpp in Sources */,
				9D59932513C3155F0022C280 /* source_test.cpp in Sources */,
			);
			runOnlyForDeploymentPostprocessing = 0;
		};
/* End PBXSourcesBuildPhase section */

/* Begin PBXTargetDependency section */
		9DFD7C0F13978C6A0073F9E5 /* PBXTargetDependency */ = {
			isa = PBXTargetDependency;
			target = 9DFD7BDC13978BCB0073F9E5 /* ARD */;
			targetProxy = 9DFD7C0E13978C6A0073F9E5 /* PBXContainerItemProxy */;
		};
/* End PBXTargetDependency section */

/* Begin PBXVariantGroup section */
		9DFD7BE913978BCB0073F9E5 /* InfoPlist.strings */ = {
			isa = PBXVariantGroup;
			children = (
				9DFD7BEA13978BCB0073F9E5 /* en */,
			);
			name = InfoPlist.strings;
			sourceTree = "<group>";
		};
/* End PBXVariantGroup section */

/* Begin XCBuildConfiguration section */
		9DFD7BBC13978B7F0073F9E5 /* Debug */ = {
			isa = XCBuildConfiguration;
			buildSettings = {
				GCC_VERSION = "";
				HEADER_SEARCH_PATHS = /usr/local/include;
				USER_HEADER_SEARCH_PATHS = /Users/TyounanMOTI/Develop/ARD/ARD/include;
			};
			name = Debug;
		};
		9DFD7BBD13978B7F0073F9E5 /* Release */ = {
			isa = XCBuildConfiguration;
			buildSettings = {
				GCC_VERSION = "";
				HEADER_SEARCH_PATHS = /usr/local/include;
				USER_HEADER_SEARCH_PATHS = /Users/TyounanMOTI/Develop/ARD/ARD/include;
			};
			name = Release;
		};
		9DFD7BEE13978BCB0073F9E5 /* Debug */ = {
			isa = XCBuildConfiguration;
			buildSettings = {
				ALWAYS_SEARCH_USER_PATHS = NO;
				ARCHS = "$(ARCHS_STANDARD_32_64_BIT)";
				COPY_PHASE_STRIP = NO;
				DYLIB_COMPATIBILITY_VERSION = 1;
				DYLIB_CURRENT_VERSION = 1;
				FRAMEWORK_VERSION = A;
				GCC_C_LANGUAGE_STANDARD = gnu99;
				GCC_DYNAMIC_NO_PIC = NO;
				GCC_ENABLE_OBJC_EXCEPTIONS = YES;
				GCC_OPTIMIZATION_LEVEL = 0;
				GCC_PRECOMPILE_PREFIX_HEADER = NO;
				GCC_PREFIX_HEADER = "";
				GCC_PREPROCESSOR_DEFINITIONS = DEBUG;
				GCC_SYMBOLS_PRIVATE_EXTERN = NO;
				GCC_VERSION = com.apple.compilers.llvm.clang.1_0;
				GCC_WARN_64_TO_32_BIT_CONVERSION = YES;
				GCC_WARN_ABOUT_RETURN_TYPE = YES;
				GCC_WARN_UNUSED_VARIABLE = YES;
				HEADER_SEARCH_PATHS = /usr/local/include;
				INFOPLIST_FILE = "ARD/ARD-Info.plist";
				MACOSX_DEPLOYMENT_TARGET = 10.6;
				ONLY_ACTIVE_ARCH = YES;
				PRODUCT_NAME = "$(TARGET_NAME)";
				SDKROOT = macosx;
				USER_HEADER_SEARCH_PATHS = /Users/TyounanMOTI/Develop/ARD/ARD/include;
				WRAPPER_EXTENSION = framework;
			};
			name = Debug;
		};
		9DFD7BEF13978BCB0073F9E5 /* Release */ = {
			isa = XCBuildConfiguration;
			buildSettings = {
				ALWAYS_SEARCH_USER_PATHS = NO;
				ARCHS = "$(ARCHS_STANDARD_32_64_BIT)";
				COPY_PHASE_STRIP = YES;
				DEBUG_INFORMATION_FORMAT = "dwarf-with-dsym";
				DYLIB_COMPATIBILITY_VERSION = 1;
				DYLIB_CURRENT_VERSION = 1;
				FRAMEWORK_VERSION = A;
				GCC_C_LANGUAGE_STANDARD = gnu99;
				GCC_ENABLE_OBJC_EXCEPTIONS = YES;
				GCC_PRECOMPILE_PREFIX_HEADER = NO;
				GCC_PREFIX_HEADER = "";
				GCC_VERSION = com.apple.compilers.llvm.clang.1_0;
				GCC_WARN_64_TO_32_BIT_CONVERSION = YES;
				GCC_WARN_ABOUT_RETURN_TYPE = YES;
				GCC_WARN_UNUSED_VARIABLE = YES;
				HEADER_SEARCH_PATHS = /usr/local/include;
				INFOPLIST_FILE = "ARD/ARD-Info.plist";
				MACOSX_DEPLOYMENT_TARGET = 10.6;
				PRODUCT_NAME = "$(TARGET_NAME)";
				SDKROOT = macosx;
				USER_HEADER_SEARCH_PATHS = /Users/TyounanMOTI/Develop/ARD/ARD/include;
				WRAPPER_EXTENSION = framework;
			};
			name = Release;
		};
		9DFD7C0613978C450073F9E5 /* Debug */ = {
			isa = XCBuildConfiguration;
			buildSettings = {
				ALWAYS_SEARCH_USER_PATHS = YES;
				ARCHS = "$(ARCHS_STANDARD_32_64_BIT)";
				COPY_PHASE_STRIP = NO;
				GCC_C_LANGUAGE_STANDARD = gnu99;
				GCC_DYNAMIC_NO_PIC = NO;
				GCC_ENABLE_OBJC_EXCEPTIONS = YES;
				GCC_OPTIMIZATION_LEVEL = 0;
				GCC_PREPROCESSOR_DEFINITIONS = DEBUG;
				GCC_SYMBOLS_PRIVATE_EXTERN = NO;
				GCC_VERSION = com.apple.compilers.llvm.clang.1_0;
				GCC_WARN_64_TO_32_BIT_CONVERSION = YES;
				GCC_WARN_ABOUT_RETURN_TYPE = YES;
				GCC_WARN_UNUSED_VARIABLE = YES;
				HEADER_SEARCH_PATHS = /usr/local/include;
				LIBRARY_SEARCH_PATHS = (
					/usr/local/lib,
					"\"$(LOCAL_LIBRARY_DIR)/Frameworks/gtest.framework/Versions/A/Resources\"",
				);
				MACOSX_DEPLOYMENT_TARGET = 10.6;
				ONLY_ACTIVE_ARCH = YES;
				PRODUCT_NAME = "$(TARGET_NAME)";
				RUN_CLANG_STATIC_ANALYZER = YES;
				SDKROOT = macosx;
				USER_HEADER_SEARCH_PATHS = /Users/TyounanMOTI/Develop/ARD/ARD/include;
			};
			name = Debug;
		};
		9DFD7C0713978C450073F9E5 /* Release */ = {
			isa = XCBuildConfiguration;
			buildSettings = {
				ALWAYS_SEARCH_USER_PATHS = YES;
				ARCHS = "$(ARCHS_STANDARD_32_64_BIT)";
				COPY_PHASE_STRIP = YES;
				DEBUG_INFORMATION_FORMAT = "dwarf-with-dsym";
				GCC_C_LANGUAGE_STANDARD = gnu99;
				GCC_ENABLE_OBJC_EXCEPTIONS = YES;
				GCC_VERSION = com.apple.compilers.llvm.clang.1_0;
				GCC_WARN_64_TO_32_BIT_CONVERSION = YES;
				GCC_WARN_ABOUT_RETURN_TYPE = YES;
				GCC_WARN_UNUSED_VARIABLE = YES;
				HEADER_SEARCH_PATHS = /usr/local/include;
				LIBRARY_SEARCH_PATHS = (
					/usr/local/lib,
					"\"$(LOCAL_LIBRARY_DIR)/Frameworks/gtest.framework/Versions/A/Resources\"",
				);
				MACOSX_DEPLOYMENT_TARGET = 10.6;
				PRODUCT_NAME = "$(TARGET_NAME)";
				RUN_CLANG_STATIC_ANALYZER = YES;
				SDKROOT = macosx;
				USER_HEADER_SEARCH_PATHS = /Users/TyounanMOTI/Develop/ARD/ARD/include;
			};
			name = Release;
		};
/* End XCBuildConfiguration section */

/* Begin XCConfigurationList section */
		9DFD7BBA13978B7F0073F9E5 /* Build configuration list for PBXProject "ARD" */ = {
			isa = XCConfigurationList;
			buildConfigurations = (
				9DFD7BBC13978B7F0073F9E5 /* Debug */,
				9DFD7BBD13978B7F0073F9E5 /* Release */,
			);
			defaultConfigurationIsVisible = 0;
			defaultConfigurationName = Release;
		};
		9DFD7BED13978BCB0073F9E5 /* Build configuration list for PBXNativeTarget "ARD" */ = {
			isa = XCConfigurationList;
			buildConfigurations = (
				9DFD7BEE13978BCB0073F9E5 /* Debug */,
				9DFD7BEF13978BCB0073F9E5 /* Release */,
			);
			defaultConfigurationIsVisible = 0;
			defaultConfigurationName = Release;
		};
		9DFD7C0513978C450073F9E5 /* Build configuration list for PBXNativeTarget "ARD_test" */ = {
			isa = XCConfigurationList;
			buildConfigurations = (
				9DFD7C0613978C450073F9E5 /* Debug */,
				9DFD7C0713978C450073F9E5 /* Release */,
			);
			defaultConfigurationIsVisible = 0;
			defaultConfigurationName = Release;
		};
/* End XCConfigurationList section */
	};
	rootObject = 9DFD7BB713978B7F0073F9E5 /* Project object */;
}
