// !$*UTF8*$!
{
	archiveVersion = 1;
	classes = {
	};
	objectVersion = 46;
	objects = {

/* Begin PBXBuildFile section */
		9D13849B13EDA46A00C265D1 /* fftw_dct_engine_factory.h in Headers */ = {isa = PBXBuildFile; fileRef = 9D13849A13EDA46A00C265D1 /* fftw_dct_engine_factory.h */; };
		9D13849D13EDA6B500C265D1 /* fftw_dct_engine_factory_test.cpp in Sources */ = {isa = PBXBuildFile; fileRef = 9D13849C13EDA6B500C265D1 /* fftw_dct_engine_factory_test.cpp */; };
		9D13849F13EDABA100C265D1 /* fftw_dct_engine_factory.cpp in Sources */ = {isa = PBXBuildFile; fileRef = 9D13849E13EDABA100C265D1 /* fftw_dct_engine_factory.cpp */; };
		9D1384A113EDAE9400C265D1 /* dct_engine_factory.h in Headers */ = {isa = PBXBuildFile; fileRef = 9D1384A013EDAE9400C265D1 /* dct_engine_factory.h */; };
		9D1384A313EDAF7C00C265D1 /* dct_engine.h in Headers */ = {isa = PBXBuildFile; fileRef = 9D1384A213EDAF7C00C265D1 /* dct_engine.h */; };
		9D22195313DD45A4003534D6 /* libfftw3.dylib in Frameworks */ = {isa = PBXBuildFile; fileRef = 9D22195113DD4596003534D6 /* libfftw3.dylib */; };
		9D22195413DD4BD6003534D6 /* libfftw3.dylib in Frameworks */ = {isa = PBXBuildFile; fileRef = 9D22195113DD4596003534D6 /* libfftw3.dylib */; };
		9D822D7913F163A800C2EAC6 /* fftw_plan.h in Headers */ = {isa = PBXBuildFile; fileRef = 9D822D7813F163A800C2EAC6 /* fftw_plan.h */; };
		9D8F905A13C89C4700A87C85 /* fftw_array.h in Headers */ = {isa = PBXBuildFile; fileRef = 9D8F904613C89C4700A87C85 /* fftw_array.h */; };
		9D8F905C13C89C4700A87C85 /* force_field.h in Headers */ = {isa = PBXBuildFile; fileRef = 9D8F904813C89C4700A87C85 /* force_field.h */; };
		9D8F905D13C89C4700A87C85 /* force_spectrum.h in Headers */ = {isa = PBXBuildFile; fileRef = 9D8F904913C89C4700A87C85 /* force_spectrum.h */; };
		9D8F905E13C89C4700A87C85 /* microphone.h in Headers */ = {isa = PBXBuildFile; fileRef = 9D8F904A13C89C4700A87C85 /* microphone.h */; };
		9D8F905F13C89C4700A87C85 /* mode_coefficient.h in Headers */ = {isa = PBXBuildFile; fileRef = 9D8F904B13C89C4700A87C85 /* mode_coefficient.h */; };
		9D8F906013C89C4700A87C85 /* point_microphone.h in Headers */ = {isa = PBXBuildFile; fileRef = 9D8F904C13C89C4700A87C85 /* point_microphone.h */; };
		9D8F906113C89C4700A87C85 /* position.h in Headers */ = {isa = PBXBuildFile; fileRef = 9D8F904D13C89C4700A87C85 /* position.h */; };
		9D8F906213C89C4700A87C85 /* power.h in Headers */ = {isa = PBXBuildFile; fileRef = 9D8F904E13C89C4700A87C85 /* power.h */; };
		9D8F906313C89C4700A87C85 /* precision.h in Headers */ = {isa = PBXBuildFile; fileRef = 9D8F904F13C89C4700A87C85 /* precision.h */; };
		9D8F906413C89C4700A87C85 /* pressure_field.h in Headers */ = {isa = PBXBuildFile; fileRef = 9D8F905013C89C4700A87C85 /* pressure_field.h */; };
		9D8F906513C89C4700A87C85 /* pressure_spectrum.h in Headers */ = {isa = PBXBuildFile; fileRef = 9D8F905113C89C4700A87C85 /* pressure_spectrum.h */; };
		9D8F906613C89C4700A87C85 /* pressure.h in Headers */ = {isa = PBXBuildFile; fileRef = 9D8F905213C89C4700A87C85 /* pressure.h */; };
		9D8F906713C89C4700A87C85 /* scene.h in Headers */ = {isa = PBXBuildFile; fileRef = 9D8F905313C89C4700A87C85 /* scene.h */; };
		9D8F906813C89C4700A87C85 /* signal.h in Headers */ = {isa = PBXBuildFile; fileRef = 9D8F905413C89C4700A87C85 /* signal.h */; };
		9D8F906913C89C4700A87C85 /* size.h in Headers */ = {isa = PBXBuildFile; fileRef = 9D8F905513C89C4700A87C85 /* size.h */; };
		9D8F906A13C89C4700A87C85 /* source.h in Headers */ = {isa = PBXBuildFile; fileRef = 9D8F905613C89C4700A87C85 /* source.h */; };
		9D8F906B13C89C4700A87C85 /* spectrum_pool.h in Headers */ = {isa = PBXBuildFile; fileRef = 9D8F905713C89C4700A87C85 /* spectrum_pool.h */; };
		9D8F906D13C89C4700A87C85 /* whole_field_microphone.h in Headers */ = {isa = PBXBuildFile; fileRef = 9D8F905913C89C4700A87C85 /* whole_field_microphone.h */; };
		9D8F907B13C89C9200A87C85 /* fftw_array.cpp in Sources */ = {isa = PBXBuildFile; fileRef = 9D8F907013C89C9200A87C85 /* fftw_array.cpp */; };
		9D8F907C13C89C9200A87C85 /* force_field.cpp in Sources */ = {isa = PBXBuildFile; fileRef = 9D8F907113C89C9200A87C85 /* force_field.cpp */; };
		9D8F907D13C89C9200A87C85 /* point_microphone.cpp in Sources */ = {isa = PBXBuildFile; fileRef = 9D8F907213C89C9200A87C85 /* point_microphone.cpp */; };
		9D8F907E13C89C9200A87C85 /* pressure_spectrum.cpp in Sources */ = {isa = PBXBuildFile; fileRef = 9D8F907313C89C9200A87C85 /* pressure_spectrum.cpp */; };
		9D8F907F13C89C9200A87C85 /* scene.cpp in Sources */ = {isa = PBXBuildFile; fileRef = 9D8F907413C89C9200A87C85 /* scene.cpp */; };
		9D8F908013C89C9200A87C85 /* signal.cpp in Sources */ = {isa = PBXBuildFile; fileRef = 9D8F907513C89C9200A87C85 /* signal.cpp */; };
		9D8F908113C89C9200A87C85 /* size.cpp in Sources */ = {isa = PBXBuildFile; fileRef = 9D8F907613C89C9200A87C85 /* size.cpp */; };
		9D8F908213C89C9200A87C85 /* source.cpp in Sources */ = {isa = PBXBuildFile; fileRef = 9D8F907713C89C9200A87C85 /* source.cpp */; };
		9D8F908413C89C9200A87C85 /* spectrum_pool.cpp in Sources */ = {isa = PBXBuildFile; fileRef = 9D8F907913C89C9200A87C85 /* spectrum_pool.cpp */; };
		9D8F908513C89C9200A87C85 /* whole_field_microphone.cpp in Sources */ = {isa = PBXBuildFile; fileRef = 9D8F907A13C89C9200A87C85 /* whole_field_microphone.cpp */; };
		9D8F909813C89CA300A87C85 /* fftw_array_test.cpp in Sources */ = {isa = PBXBuildFile; fileRef = 9D8F908713C89CA300A87C85 /* fftw_array_test.cpp */; };
		9D8F909913C89CA300A87C85 /* fftw_test.cpp in Sources */ = {isa = PBXBuildFile; fileRef = 9D8F908813C89CA300A87C85 /* fftw_test.cpp */; };
		9D8F909A13C89CA300A87C85 /* force_field_test.cpp in Sources */ = {isa = PBXBuildFile; fileRef = 9D8F908913C89CA300A87C85 /* force_field_test.cpp */; };
		9D8F909C13C89CA300A87C85 /* point_microphone_test.cpp in Sources */ = {isa = PBXBuildFile; fileRef = 9D8F908F13C89CA300A87C85 /* point_microphone_test.cpp */; };
		9D8F909D13C89CA300A87C85 /* pressure_field_test.cpp in Sources */ = {isa = PBXBuildFile; fileRef = 9D8F909013C89CA300A87C85 /* pressure_field_test.cpp */; };
		9D8F909E13C89CA300A87C85 /* pressure_spectrum_test.cpp in Sources */ = {isa = PBXBuildFile; fileRef = 9D8F909113C89CA300A87C85 /* pressure_spectrum_test.cpp */; };
		9D8F909F13C89CA300A87C85 /* scene_test.cpp in Sources */ = {isa = PBXBuildFile; fileRef = 9D8F909213C89CA300A87C85 /* scene_test.cpp */; };
		9D8F90A013C89CA300A87C85 /* signal_test.cpp in Sources */ = {isa = PBXBuildFile; fileRef = 9D8F909313C89CA300A87C85 /* signal_test.cpp */; };
		9D8F90A113C89CA300A87C85 /* size_test.cpp in Sources */ = {isa = PBXBuildFile; fileRef = 9D8F909413C89CA300A87C85 /* size_test.cpp */; };
		9D8F90A213C89CA300A87C85 /* source_test.cpp in Sources */ = {isa = PBXBuildFile; fileRef = 9D8F909513C89CA300A87C85 /* source_test.cpp */; };
		9D8F90A313C89CA300A87C85 /* spectrum_pool_test.cpp in Sources */ = {isa = PBXBuildFile; fileRef = 9D8F909613C89CA300A87C85 /* spectrum_pool_test.cpp */; };
		9D8F90A413C89CA300A87C85 /* whole_field_microphone_test.cpp in Sources */ = {isa = PBXBuildFile; fileRef = 9D8F909713C89CA300A87C85 /* whole_field_microphone_test.cpp */; };
		9D8FC10713B1F50500D244A9 /* output_fftw_array.cpp in Sources */ = {isa = PBXBuildFile; fileRef = 9D8FC10513B1F50500D244A9 /* output_fftw_array.cpp */; };
		9DC6DC5913E85545001B4F82 /* position_test.cpp in Sources */ = {isa = PBXBuildFile; fileRef = 9DC6DC5813E85545001B4F82 /* position_test.cpp */; };
		9DC6DC6713EBE35B001B4F82 /* fftw_dct_engine_test.cpp in Sources */ = {isa = PBXBuildFile; fileRef = 9DC6DC6613EBE35B001B4F82 /* fftw_dct_engine_test.cpp */; };
		9DC6DC6A13EBE395001B4F82 /* fftw_dct_engine.cpp in Sources */ = {isa = PBXBuildFile; fileRef = 9DC6DC6913EBE395001B4F82 /* fftw_dct_engine.cpp */; };
		9DC6DC6C13EBE3A2001B4F82 /* fftw_dct_engine.h in Headers */ = {isa = PBXBuildFile; fileRef = 9DC6DC6B13EBE3A2001B4F82 /* fftw_dct_engine.h */; };
		9DFD7BEB13978BCB0073F9E5 /* InfoPlist.strings in Resources */ = {isa = PBXBuildFile; fileRef = 9DFD7BE913978BCB0073F9E5 /* InfoPlist.strings */; };
		9DFD7C0D13978C5B0073F9E5 /* ARD.framework in Frameworks */ = {isa = PBXBuildFile; fileRef = 9DFD7BDD13978BCB0073F9E5 /* ARD.framework */; };
		9DFD7C1113978C730073F9E5 /* gtest.framework in Frameworks */ = {isa = PBXBuildFile; fileRef = 9DFD7C1013978C730073F9E5 /* gtest.framework */; };
		9DFD7C1813978EAE0073F9E5 /* libgtest_main.a in Frameworks */ = {isa = PBXBuildFile; fileRef = 9DFD7C1713978EAE0073F9E5 /* libgtest_main.a */; };
/* End PBXBuildFile section */

/* Begin PBXContainerItemProxy section */
		9DFD7C0E13978C6A0073F9E5 /* PBXContainerItemProxy */ = {
			isa = PBXContainerItemProxy;
			containerPortal = 9DFD7BB713978B7F0073F9E5 /* Project object */;
			proxyType = 1;
			remoteGlobalIDString = 9DFD7BDC13978BCB0073F9E5;
			remoteInfo = ARD;
		};
/* End PBXContainerItemProxy section */

/* Begin PBXFileReference section */
		9D13849A13EDA46A00C265D1 /* fftw_dct_engine_factory.h */ = {isa = PBXFileReference; fileEncoding = 4; lastKnownFileType = sourcecode.c.h; name = fftw_dct_engine_factory.h; path = ../include/fftw_dct_engine_factory.h; sourceTree = "<group>"; };
		9D13849C13EDA6B500C265D1 /* fftw_dct_engine_factory_test.cpp */ = {isa = PBXFileReference; fileEncoding = 4; lastKnownFileType = sourcecode.cpp.cpp; path = fftw_dct_engine_factory_test.cpp; sourceTree = "<group>"; };
		9D13849E13EDABA100C265D1 /* fftw_dct_engine_factory.cpp */ = {isa = PBXFileReference; fileEncoding = 4; lastKnownFileType = sourcecode.cpp.cpp; path = fftw_dct_engine_factory.cpp; sourceTree = "<group>"; };
		9D1384A013EDAE9400C265D1 /* dct_engine_factory.h */ = {isa = PBXFileReference; fileEncoding = 4; lastKnownFileType = sourcecode.c.h; name = dct_engine_factory.h; path = ../include/dct_engine_factory.h; sourceTree = "<group>"; };
		9D1384A213EDAF7C00C265D1 /* dct_engine.h */ = {isa = PBXFileReference; fileEncoding = 4; lastKnownFileType = sourcecode.c.h; name = dct_engine.h; path = ../include/dct_engine.h; sourceTree = "<group>"; };
		9D22195113DD4596003534D6 /* libfftw3.dylib */ = {isa = PBXFileReference; lastKnownFileType = "compiled.mach-o.dylib"; name = libfftw3.dylib; path = /usr/local/lib/libfftw3.dylib; sourceTree = "<absolute>"; };
		9D2AE34513A5079B003BD84E /* plot_1d.py */ = {isa = PBXFileReference; fileEncoding = 4; lastKnownFileType = text.script.python; name = plot_1d.py; path = ../../ARD/test/plot/plot_1d.py; sourceTree = "<group>"; };
		9D822D7813F163A800C2EAC6 /* fftw_plan.h */ = {isa = PBXFileReference; fileEncoding = 4; lastKnownFileType = sourcecode.c.h; name = fftw_plan.h; path = ../include/fftw_plan.h; sourceTree = "<group>"; };
		9D8F904613C89C4700A87C85 /* fftw_array.h */ = {isa = PBXFileReference; lastKnownFileType = sourcecode.c.h; name = fftw_array.h; path = ../include/fftw_array.h; sourceTree = "<group>"; };
		9D8F904813C89C4700A87C85 /* force_field.h */ = {isa = PBXFileReference; lastKnownFileType = sourcecode.c.h; name = force_field.h; path = ../include/force_field.h; sourceTree = "<group>"; };
		9D8F904913C89C4700A87C85 /* force_spectrum.h */ = {isa = PBXFileReference; lastKnownFileType = sourcecode.c.h; name = force_spectrum.h; path = ../include/force_spectrum.h; sourceTree = "<group>"; };
		9D8F904A13C89C4700A87C85 /* microphone.h */ = {isa = PBXFileReference; lastKnownFileType = sourcecode.c.h; name = microphone.h; path = ../include/microphone.h; sourceTree = "<group>"; };
		9D8F904B13C89C4700A87C85 /* mode_coefficient.h */ = {isa = PBXFileReference; lastKnownFileType = sourcecode.c.h; name = mode_coefficient.h; path = ../include/mode_coefficient.h; sourceTree = "<group>"; };
		9D8F904C13C89C4700A87C85 /* point_microphone.h */ = {isa = PBXFileReference; lastKnownFileType = sourcecode.c.h; name = point_microphone.h; path = ../include/point_microphone.h; sourceTree = "<group>"; };
		9D8F904D13C89C4700A87C85 /* position.h */ = {isa = PBXFileReference; lastKnownFileType = sourcecode.c.h; name = position.h; path = ../include/position.h; sourceTree = "<group>"; };
		9D8F904E13C89C4700A87C85 /* power.h */ = {isa = PBXFileReference; lastKnownFileType = sourcecode.c.h; name = power.h; path = ../include/power.h; sourceTree = "<group>"; };
		9D8F904F13C89C4700A87C85 /* precision.h */ = {isa = PBXFileReference; lastKnownFileType = sourcecode.c.h; name = precision.h; path = ../include/precision.h; sourceTree = "<group>"; };
		9D8F905013C89C4700A87C85 /* pressure_field.h */ = {isa = PBXFileReference; lastKnownFileType = sourcecode.c.h; name = pressure_field.h; path = ../include/pressure_field.h; sourceTree = "<group>"; };
		9D8F905113C89C4700A87C85 /* pressure_spectrum.h */ = {isa = PBXFileReference; lastKnownFileType = sourcecode.c.h; name = pressure_spectrum.h; path = ../include/pressure_spectrum.h; sourceTree = "<group>"; };
		9D8F905213C89C4700A87C85 /* pressure.h */ = {isa = PBXFileReference; lastKnownFileType = sourcecode.c.h; name = pressure.h; path = ../include/pressure.h; sourceTree = "<group>"; };
		9D8F905313C89C4700A87C85 /* scene.h */ = {isa = PBXFileReference; lastKnownFileType = sourcecode.c.h; name = scene.h; path = ../include/scene.h; sourceTree = "<group>"; };
		9D8F905413C89C4700A87C85 /* signal.h */ = {isa = PBXFileReference; lastKnownFileType = sourcecode.c.h; name = signal.h; path = ../include/signal.h; sourceTree = "<group>"; };
		9D8F905513C89C4700A87C85 /* size.h */ = {isa = PBXFileReference; lastKnownFileType = sourcecode.c.h; name = size.h; path = ../include/size.h; sourceTree = "<group>"; };
		9D8F905613C89C4700A87C85 /* source.h */ = {isa = PBXFileReference; lastKnownFileType = sourcecode.c.h; name = source.h; path = ../include/source.h; sourceTree = "<group>"; };
		9D8F905713C89C4700A87C85 /* spectrum_pool.h */ = {isa = PBXFileReference; lastKnownFileType = sourcecode.c.h; name = spectrum_pool.h; path = ../include/spectrum_pool.h; sourceTree = "<group>"; };
		9D8F905913C89C4700A87C85 /* whole_field_microphone.h */ = {isa = PBXFileReference; lastKnownFileType = sourcecode.c.h; name = whole_field_microphone.h; path = ../include/whole_field_microphone.h; sourceTree = "<group>"; };
		9D8F907013C89C9200A87C85 /* fftw_array.cpp */ = {isa = PBXFileReference; fileEncoding = 4; lastKnownFileType = sourcecode.cpp.cpp; path = fftw_array.cpp; sourceTree = "<group>"; };
		9D8F907113C89C9200A87C85 /* force_field.cpp */ = {isa = PBXFileReference; fileEncoding = 4; lastKnownFileType = sourcecode.cpp.cpp; path = force_field.cpp; sourceTree = "<group>"; };
		9D8F907213C89C9200A87C85 /* point_microphone.cpp */ = {isa = PBXFileReference; fileEncoding = 4; lastKnownFileType = sourcecode.cpp.cpp; path = point_microphone.cpp; sourceTree = "<group>"; };
		9D8F907313C89C9200A87C85 /* pressure_spectrum.cpp */ = {isa = PBXFileReference; fileEncoding = 4; lastKnownFileType = sourcecode.cpp.cpp; path = pressure_spectrum.cpp; sourceTree = "<group>"; };
		9D8F907413C89C9200A87C85 /* scene.cpp */ = {isa = PBXFileReference; fileEncoding = 4; lastKnownFileType = sourcecode.cpp.cpp; path = scene.cpp; sourceTree = "<group>"; };
		9D8F907513C89C9200A87C85 /* signal.cpp */ = {isa = PBXFileReference; fileEncoding = 4; lastKnownFileType = sourcecode.cpp.cpp; path = signal.cpp; sourceTree = "<group>"; };
		9D8F907613C89C9200A87C85 /* size.cpp */ = {isa = PBXFileReference; fileEncoding = 4; lastKnownFileType = sourcecode.cpp.cpp; path = size.cpp; sourceTree = "<group>"; };
		9D8F907713C89C9200A87C85 /* source.cpp */ = {isa = PBXFileReference; fileEncoding = 4; lastKnownFileType = sourcecode.cpp.cpp; path = source.cpp; sourceTree = "<group>"; };
		9D8F907913C89C9200A87C85 /* spectrum_pool.cpp */ = {isa = PBXFileReference; fileEncoding = 4; lastKnownFileType = sourcecode.cpp.cpp; path = spectrum_pool.cpp; sourceTree = "<group>"; };
		9D8F907A13C89C9200A87C85 /* whole_field_microphone.cpp */ = {isa = PBXFileReference; fileEncoding = 4; lastKnownFileType = sourcecode.cpp.cpp; path = whole_field_microphone.cpp; sourceTree = "<group>"; };
		9D8F908713C89CA300A87C85 /* fftw_array_test.cpp */ = {isa = PBXFileReference; fileEncoding = 4; lastKnownFileType = sourcecode.cpp.cpp; path = fftw_array_test.cpp; sourceTree = "<group>"; };
		9D8F908813C89CA300A87C85 /* fftw_test.cpp */ = {isa = PBXFileReference; fileEncoding = 4; lastKnownFileType = sourcecode.cpp.cpp; path = fftw_test.cpp; sourceTree = "<group>"; };
		9D8F908913C89CA300A87C85 /* force_field_test.cpp */ = {isa = PBXFileReference; fileEncoding = 4; lastKnownFileType = sourcecode.cpp.cpp; path = force_field_test.cpp; sourceTree = "<group>"; };
		9D8F908F13C89CA300A87C85 /* point_microphone_test.cpp */ = {isa = PBXFileReference; fileEncoding = 4; lastKnownFileType = sourcecode.cpp.cpp; path = point_microphone_test.cpp; sourceTree = "<group>"; };
		9D8F909013C89CA300A87C85 /* pressure_field_test.cpp */ = {isa = PBXFileReference; fileEncoding = 4; lastKnownFileType = sourcecode.cpp.cpp; path = pressure_field_test.cpp; sourceTree = "<group>"; };
		9D8F909113C89CA300A87C85 /* pressure_spectrum_test.cpp */ = {isa = PBXFileReference; fileEncoding = 4; lastKnownFileType = sourcecode.cpp.cpp; path = pressure_spectrum_test.cpp; sourceTree = "<group>"; };
		9D8F909213C89CA300A87C85 /* scene_test.cpp */ = {isa = PBXFileReference; fileEncoding = 4; lastKnownFileType = sourcecode.cpp.cpp; path = scene_test.cpp; sourceTree = "<group>"; };
		9D8F909313C89CA300A87C85 /* signal_test.cpp */ = {isa = PBXFileReference; fileEncoding = 4; lastKnownFileType = sourcecode.cpp.cpp; path = signal_test.cpp; sourceTree = "<group>"; };
		9D8F909413C89CA300A87C85 /* size_test.cpp */ = {isa = PBXFileReference; fileEncoding = 4; lastKnownFileType = sourcecode.cpp.cpp; path = size_test.cpp; sourceTree = "<group>"; };
		9D8F909513C89CA300A87C85 /* source_test.cpp */ = {isa = PBXFileReference; fileEncoding = 4; lastKnownFileType = sourcecode.cpp.cpp; path = source_test.cpp; sourceTree = "<group>"; };
		9D8F909613C89CA300A87C85 /* spectrum_pool_test.cpp */ = {isa = PBXFileReference; fileEncoding = 4; lastKnownFileType = sourcecode.cpp.cpp; path = spectrum_pool_test.cpp; sourceTree = "<group>"; };
		9D8F909713C89CA300A87C85 /* whole_field_microphone_test.cpp */ = {isa = PBXFileReference; fileEncoding = 4; lastKnownFileType = sourcecode.cpp.cpp; path = whole_field_microphone_test.cpp; sourceTree = "<group>"; };
		9D8FC10513B1F50500D244A9 /* output_fftw_array.cpp */ = {isa = PBXFileReference; fileEncoding = 4; lastKnownFileType = sourcecode.cpp.cpp; name = output_fftw_array.cpp; path = ../../ARD/test/plot/output_fftw_array.cpp; sourceTree = "<group>"; };
		9D8FC10613B1F50500D244A9 /* output_fftw_array.h */ = {isa = PBXFileReference; fileEncoding = 4; lastKnownFileType = sourcecode.c.h; name = output_fftw_array.h; path = ../../ARD/test/plot/output_fftw_array.h; sourceTree = "<group>"; };
		9D9EA52D13A733E000994A17 /* plot_2d.py */ = {isa = PBXFileReference; lastKnownFileType = text.script.python; name = plot_2d.py; path = ../../ARD/test/plot/plot_2d.py; sourceTree = "<group>"; };
		9DC6DC5813E85545001B4F82 /* position_test.cpp */ = {isa = PBXFileReference; fileEncoding = 4; lastKnownFileType = sourcecode.cpp.cpp; path = position_test.cpp; sourceTree = "<group>"; };
		9DC6DC6613EBE35B001B4F82 /* fftw_dct_engine_test.cpp */ = {isa = PBXFileReference; fileEncoding = 4; lastKnownFileType = sourcecode.cpp.cpp; path = fftw_dct_engine_test.cpp; sourceTree = "<group>"; };
		9DC6DC6913EBE395001B4F82 /* fftw_dct_engine.cpp */ = {isa = PBXFileReference; fileEncoding = 4; lastKnownFileType = sourcecode.cpp.cpp; path = fftw_dct_engine.cpp; sourceTree = "<group>"; };
		9DC6DC6B13EBE3A2001B4F82 /* fftw_dct_engine.h */ = {isa = PBXFileReference; fileEncoding = 4; lastKnownFileType = sourcecode.c.h; name = fftw_dct_engine.h; path = ../include/fftw_dct_engine.h; sourceTree = "<group>"; };
		9DFD7BDD13978BCB0073F9E5 /* ARD.framework */ = {isa = PBXFileReference; explicitFileType = wrapper.framework; includeInIndex = 0; path = ARD.framework; sourceTree = BUILT_PRODUCTS_DIR; };
		9DFD7BE813978BCB0073F9E5 /* ARD-Info.plist */ = {isa = PBXFileReference; lastKnownFileType = text.plist.xml; path = "ARD-Info.plist"; sourceTree = "<group>"; };
		9DFD7BEA13978BCB0073F9E5 /* en */ = {isa = PBXFileReference; lastKnownFileType = text.plist.strings; name = en; path = en.lproj/InfoPlist.strings; sourceTree = "<group>"; };
		9DFD7BFF13978C450073F9E5 /* ARD_test */ = {isa = PBXFileReference; explicitFileType = "compiled.mach-o.executable"; includeInIndex = 0; path = ARD_test; sourceTree = BUILT_PRODUCTS_DIR; };
		9DFD7C0413978C450073F9E5 /* ARD_test.1 */ = {isa = PBXFileReference; lastKnownFileType = text.man; name = ARD_test.1; path = ARD_test/ARD_test.1; sourceTree = SOURCE_ROOT; };
		9DFD7C1013978C730073F9E5 /* gtest.framework */ = {isa = PBXFileReference; lastKnownFileType = wrapper.framework; name = gtest.framework; path = SDKs/MacOSX10.6.sdk/Library/Frameworks/gtest.framework; sourceTree = DEVELOPER_DIR; };
		9DFD7C1713978EAE0073F9E5 /* libgtest_main.a */ = {isa = PBXFileReference; lastKnownFileType = archive.ar; name = libgtest_main.a; path = ../../../../../../Library/Frameworks/gtest.framework/Versions/A/Resources/libgtest_main.a; sourceTree = "<group>"; };
		9DFD7C1D1398B7950073F9E5 /* .gitignore */ = {isa = PBXFileReference; lastKnownFileType = text; name = .gitignore; path = ../../../.gitignore; sourceTree = "<group>"; };
/* End PBXFileReference section */

/* Begin PBXFrameworksBuildPhase section */
		9DFD7BD913978BCB0073F9E5 /* Frameworks */ = {
			isa = PBXFrameworksBuildPhase;
			buildActionMask = 2147483647;
			files = (
				9D22195313DD45A4003534D6 /* libfftw3.dylib in Frameworks */,
			);
			runOnlyForDeploymentPostprocessing = 0;
		};
		9DFD7BFC13978C450073F9E5 /* Frameworks */ = {
			isa = PBXFrameworksBuildPhase;
			buildActionMask = 2147483647;
			files = (
				9DFD7C1113978C730073F9E5 /* gtest.framework in Frameworks */,
				9DFD7C0D13978C5B0073F9E5 /* ARD.framework in Frameworks */,
				9D22195413DD4BD6003534D6 /* libfftw3.dylib in Frameworks */,
				9DFD7C1813978EAE0073F9E5 /* libgtest_main.a in Frameworks */,
			);
			runOnlyForDeploymentPostprocessing = 0;
		};
/* End PBXFrameworksBuildPhase section */

/* Begin PBXGroup section */
		9D2AE33713A50304003BD84E /* Plotting */ = {
			isa = PBXGroup;
			children = (
				9D8FC10513B1F50500D244A9 /* output_fftw_array.cpp */,
				9D8FC10613B1F50500D244A9 /* output_fftw_array.h */,
				9D2AE34513A5079B003BD84E /* plot_1d.py */,
				9D9EA52D13A733E000994A17 /* plot_2d.py */,
			);
			name = Plotting;
			sourceTree = "<group>";
		};
		9D8F906E13C89C5A00A87C85 /* include */ = {
			isa = PBXGroup;
			children = (
				9D1384A213EDAF7C00C265D1 /* dct_engine.h */,
				9D1384A013EDAE9400C265D1 /* dct_engine_factory.h */,
				9D8F904613C89C4700A87C85 /* fftw_array.h */,
				9DC6DC6B13EBE3A2001B4F82 /* fftw_dct_engine.h */,
				9D13849A13EDA46A00C265D1 /* fftw_dct_engine_factory.h */,
				9D822D7813F163A800C2EAC6 /* fftw_plan.h */,
				9D8F904813C89C4700A87C85 /* force_field.h */,
				9D8F904913C89C4700A87C85 /* force_spectrum.h */,
				9D8F904A13C89C4700A87C85 /* microphone.h */,
				9D8F904B13C89C4700A87C85 /* mode_coefficient.h */,
				9D8F904C13C89C4700A87C85 /* point_microphone.h */,
				9D8F904D13C89C4700A87C85 /* position.h */,
				9D8F904E13C89C4700A87C85 /* power.h */,
				9D8F904F13C89C4700A87C85 /* precision.h */,
				9D8F905013C89C4700A87C85 /* pressure_field.h */,
				9D8F905113C89C4700A87C85 /* pressure_spectrum.h */,
				9D8F905213C89C4700A87C85 /* pressure.h */,
				9D8F905313C89C4700A87C85 /* scene.h */,
				9D8F905413C89C4700A87C85 /* signal.h */,
				9D8F905513C89C4700A87C85 /* size.h */,
				9D8F905613C89C4700A87C85 /* source.h */,
				9D8F905713C89C4700A87C85 /* spectrum_pool.h */,
				9D8F905913C89C4700A87C85 /* whole_field_microphone.h */,
			);
			name = include;
			sourceTree = "<group>";
		};
		9D8F906F13C89C9200A87C85 /* src */ = {
			isa = PBXGroup;
			children = (
				9D8F907013C89C9200A87C85 /* fftw_array.cpp */,
				9DC6DC6913EBE395001B4F82 /* fftw_dct_engine.cpp */,
				9D13849E13EDABA100C265D1 /* fftw_dct_engine_factory.cpp */,
				9D8F907113C89C9200A87C85 /* force_field.cpp */,
				9D8F907213C89C9200A87C85 /* point_microphone.cpp */,
				9D8F907313C89C9200A87C85 /* pressure_spectrum.cpp */,
				9D8F907413C89C9200A87C85 /* scene.cpp */,
				9D8F907513C89C9200A87C85 /* signal.cpp */,
				9D8F907613C89C9200A87C85 /* size.cpp */,
				9D8F907713C89C9200A87C85 /* source.cpp */,
				9D8F907913C89C9200A87C85 /* spectrum_pool.cpp */,
				9D8F907A13C89C9200A87C85 /* whole_field_microphone.cpp */,
			);
			name = src;
			path = ../src;
			sourceTree = "<group>";
		};
		9D8F908613C89CA300A87C85 /* test */ = {
			isa = PBXGroup;
			children = (
				9D8F908713C89CA300A87C85 /* fftw_array_test.cpp */,
				9DC6DC6613EBE35B001B4F82 /* fftw_dct_engine_test.cpp */,
				9D13849C13EDA6B500C265D1 /* fftw_dct_engine_factory_test.cpp */,
				9D8F908813C89CA300A87C85 /* fftw_test.cpp */,
				9D8F908913C89CA300A87C85 /* force_field_test.cpp */,
				9D8F908F13C89CA300A87C85 /* point_microphone_test.cpp */,
				9DC6DC5813E85545001B4F82 /* position_test.cpp */,
				9D8F909013C89CA300A87C85 /* pressure_field_test.cpp */,
				9D8F909113C89CA300A87C85 /* pressure_spectrum_test.cpp */,
				9D8F909213C89CA300A87C85 /* scene_test.cpp */,
				9D8F909313C89CA300A87C85 /* signal_test.cpp */,
				9D8F909413C89CA300A87C85 /* size_test.cpp */,
				9D8F909513C89CA300A87C85 /* source_test.cpp */,
				9D8F909613C89CA300A87C85 /* spectrum_pool_test.cpp */,
				9D8F909713C89CA300A87C85 /* whole_field_microphone_test.cpp */,
			);
			name = test;
			path = ../test;
			sourceTree = "<group>";
		};
		9DFD7BB513978B7F0073F9E5 = {
			isa = PBXGroup;
			children = (
				9D8F906F13C89C9200A87C85 /* src */,
				9D8F906E13C89C5A00A87C85 /* include */,
				9D8F908613C89CA300A87C85 /* test */,
				9D2AE33713A50304003BD84E /* Plotting */,
				9DFD7BDF13978BCB0073F9E5 /* Frameworks */,
				9DFD7BE713978BCB0073F9E5 /* Supporting Files */,
				9DFD7BDE13978BCB0073F9E5 /* Products */,
			);
			sourceTree = "<group>";
		};
		9DFD7BDE13978BCB0073F9E5 /* Products */ = {
			isa = PBXGroup;
			children = (
				9DFD7BFF13978C450073F9E5 /* ARD_test */,
			);
			name = Products;
			sourceTree = "<group>";
		};
		9DFD7BDF13978BCB0073F9E5 /* Frameworks */ = {
			isa = PBXGroup;
			children = (
				9DFD7C1013978C730073F9E5 /* gtest.framework */,
				9DFD7BDD13978BCB0073F9E5 /* ARD.framework */,
				9D22195113DD4596003534D6 /* libfftw3.dylib */,
				9DFD7C1713978EAE0073F9E5 /* libgtest_main.a */,
			);
			name = Frameworks;
			sourceTree = "<group>";
		};
		9DFD7BE713978BCB0073F9E5 /* Supporting Files */ = {
			isa = PBXGroup;
			children = (
				9DFD7C0413978C450073F9E5 /* ARD_test.1 */,
				9DFD7BE813978BCB0073F9E5 /* ARD-Info.plist */,
				9DFD7BE913978BCB0073F9E5 /* InfoPlist.strings */,
				9DFD7C1D1398B7950073F9E5 /* .gitignore */,
			);
			name = "Supporting Files";
			path = ARD;
			sourceTree = "<group>";
		};
/* End PBXGroup section */

/* Begin PBXHeadersBuildPhase section */
		9DFD7BDA13978BCB0073F9E5 /* Headers */ = {
			isa = PBXHeadersBuildPhase;
			buildActionMask = 2147483647;
			files = (
				9D8F905A13C89C4700A87C85 /* fftw_array.h in Headers */,
				9D8F905C13C89C4700A87C85 /* force_field.h in Headers */,
				9D8F905D13C89C4700A87C85 /* force_spectrum.h in Headers */,
				9D8F905E13C89C4700A87C85 /* microphone.h in Headers */,
				9D8F905F13C89C4700A87C85 /* mode_coefficient.h in Headers */,
				9D8F906013C89C4700A87C85 /* point_microphone.h in Headers */,
				9D8F906113C89C4700A87C85 /* position.h in Headers */,
				9D8F906213C89C4700A87C85 /* power.h in Headers */,
				9D8F906313C89C4700A87C85 /* precision.h in Headers */,
				9D8F906413C89C4700A87C85 /* pressure_field.h in Headers */,
				9D8F906513C89C4700A87C85 /* pressure_spectrum.h in Headers */,
				9D8F906613C89C4700A87C85 /* pressure.h in Headers */,
				9D8F906713C89C4700A87C85 /* scene.h in Headers */,
				9D8F906813C89C4700A87C85 /* signal.h in Headers */,
				9D8F906913C89C4700A87C85 /* size.h in Headers */,
				9D8F906A13C89C4700A87C85 /* source.h in Headers */,
				9D8F906B13C89C4700A87C85 /* spectrum_pool.h in Headers */,
				9D8F906D13C89C4700A87C85 /* whole_field_microphone.h in Headers */,
				9DC6DC6C13EBE3A2001B4F82 /* fftw_dct_engine.h in Headers */,
				9D13849B13EDA46A00C265D1 /* fftw_dct_engine_factory.h in Headers */,
				9D1384A113EDAE9400C265D1 /* dct_engine_factory.h in Headers */,
				9D1384A313EDAF7C00C265D1 /* dct_engine.h in Headers */,
				9D822D7913F163A800C2EAC6 /* fftw_plan.h in Headers */,
			);
			runOnlyForDeploymentPostprocessing = 0;
		};
/* End PBXHeadersBuildPhase section */

/* Begin PBXNativeTarget section */
		9DFD7BDC13978BCB0073F9E5 /* ARD */ = {
			isa = PBXNativeTarget;
			buildConfigurationList = 9DFD7BED13978BCB0073F9E5 /* Build configuration list for PBXNativeTarget "ARD" */;
			buildPhases = (
				9DFD7BD813978BCB0073F9E5 /* Sources */,
				9DFD7BD913978BCB0073F9E5 /* Frameworks */,
				9DFD7BDA13978BCB0073F9E5 /* Headers */,
				9DFD7BDB13978BCB0073F9E5 /* Resources */,
			);
			buildRules = (
			);
			dependencies = (
			);
			name = ARD;
			productName = ARD;
			productReference = 9DFD7BDD13978BCB0073F9E5 /* ARD.framework */;
			productType = "com.apple.product-type.framework";
		};
		9DFD7BFE13978C450073F9E5 /* ARD_test */ = {
			isa = PBXNativeTarget;
			buildConfigurationList = 9DFD7C0513978C450073F9E5 /* Build configuration list for PBXNativeTarget "ARD_test" */;
			buildPhases = (
				9DFD7BFB13978C450073F9E5 /* Sources */,
				9DFD7BFC13978C450073F9E5 /* Frameworks */,
			);
			buildRules = (
			);
			dependencies = (
				9DFD7C0F13978C6A0073F9E5 /* PBXTargetDependency */,
			);
			name = ARD_test;
			productName = ARD_test;
			productReference = 9DFD7BFF13978C450073F9E5 /* ARD_test */;
			productType = "com.apple.product-type.tool";
		};
/* End PBXNativeTarget section */

/* Begin PBXProject section */
		9DFD7BB713978B7F0073F9E5 /* Project object */ = {
			isa = PBXProject;
			buildConfigurationList = 9DFD7BBA13978B7F0073F9E5 /* Build configuration list for PBXProject "ARD" */;
			compatibilityVersion = "Xcode 3.2";
			developmentRegion = English;
			hasScannedForEncodings = 0;
			knownRegions = (
				en,
			);
			mainGroup = 9DFD7BB513978B7F0073F9E5;
			productRefGroup = 9DFD7BDE13978BCB0073F9E5 /* Products */;
			projectDirPath = "";
			projectRoot = "";
			targets = (
				9DFD7BDC13978BCB0073F9E5 /* ARD */,
				9DFD7BFE13978C450073F9E5 /* ARD_test */,
			);
		};
/* End PBXProject section */

/* Begin PBXResourcesBuildPhase section */
		9DFD7BDB13978BCB0073F9E5 /* Resources */ = {
			isa = PBXResourcesBuildPhase;
			buildActionMask = 2147483647;
			files = (
				9DFD7BEB13978BCB0073F9E5 /* InfoPlist.strings in Resources */,
			);
			runOnlyForDeploymentPostprocessing = 0;
		};
/* End PBXResourcesBuildPhase section */

/* Begin PBXSourcesBuildPhase section */
		9DFD7BD813978BCB0073F9E5 /* Sources */ = {
			isa = PBXSourcesBuildPhase;
			buildActionMask = 2147483647;
			files = (
				9D8F907B13C89C9200A87C85 /* fftw_array.cpp in Sources */,
				9D8F907C13C89C9200A87C85 /* force_field.cpp in Sources */,
				9D8F907D13C89C9200A87C85 /* point_microphone.cpp in Sources */,
				9D8F907E13C89C9200A87C85 /* pressure_spectrum.cpp in Sources */,
				9D8F907F13C89C9200A87C85 /* scene.cpp in Sources */,
				9D8F908013C89C9200A87C85 /* signal.cpp in Sources */,
				9D8F908113C89C9200A87C85 /* size.cpp in Sources */,
				9D8F908213C89C9200A87C85 /* source.cpp in Sources */,
				9D8F908413C89C9200A87C85 /* spectrum_pool.cpp in Sources */,
				9D8F908513C89C9200A87C85 /* whole_field_microphone.cpp in Sources */,
				9DC6DC6A13EBE395001B4F82 /* fftw_dct_engine.cpp in Sources */,
				9D13849F13EDABA100C265D1 /* fftw_dct_engine_factory.cpp in Sources */,
			);
			runOnlyForDeploymentPostprocessing = 0;
		};
		9DFD7BFB13978C450073F9E5 /* Sources */ = {
			isa = PBXSourcesBuildPhase;
			buildActionMask = 2147483647;
			files = (
				9D8FC10713B1F50500D244A9 /* output_fftw_array.cpp in Sources */,
				9D8F909813C89CA300A87C85 /* fftw_array_test.cpp in Sources */,
				9D8F909913C89CA300A87C85 /* fftw_test.cpp in Sources */,
				9D8F909A13C89CA300A87C85 /* force_field_test.cpp in Sources */,
				9D8F909C13C89CA300A87C85 /* point_microphone_test.cpp in Sources */,
				9D8F909D13C89CA300A87C85 /* pressure_field_test.cpp in Sources */,
				9D8F909E13C89CA300A87C85 /* pressure_spectrum_test.cpp in Sources */,
				9D8F909F13C89CA300A87C85 /* scene_test.cpp in Sources */,
				9D8F90A013C89CA300A87C85 /* signal_test.cpp in Sources */,
				9D8F90A113C89CA300A87C85 /* size_test.cpp in Sources */,
				9D8F90A213C89CA300A87C85 /* source_test.cpp in Sources */,
				9D8F90A313C89CA300A87C85 /* spectrum_pool_test.cpp in Sources */,
				9D8F90A413C89CA300A87C85 /* whole_field_microphone_test.cpp in Sources */,
				9DC6DC5913E85545001B4F82 /* position_test.cpp in Sources */,
				9DC6DC6713EBE35B001B4F82 /* fftw_dct_engine_test.cpp in Sources */,
				9D13849D13EDA6B500C265D1 /* fftw_dct_engine_factory_test.cpp in Sources */,
			);
			runOnlyForDeploymentPostprocessing = 0;
		};
/* End PBXSourcesBuildPhase section */

/* Begin PBXTargetDependency section */
		9DFD7C0F13978C6A0073F9E5 /* PBXTargetDependency */ = {
			isa = PBXTargetDependency;
			target = 9DFD7BDC13978BCB0073F9E5 /* ARD */;
			targetProxy = 9DFD7C0E13978C6A0073F9E5 /* PBXContainerItemProxy */;
		};
/* End PBXTargetDependency section */

/* Begin PBXVariantGroup section */
		9DFD7BE913978BCB0073F9E5 /* InfoPlist.strings */ = {
			isa = PBXVariantGroup;
			children = (
				9DFD7BEA13978BCB0073F9E5 /* en */,
			);
			name = InfoPlist.strings;
			sourceTree = "<group>";
		};
/* End PBXVariantGroup section */

/* Begin XCBuildConfiguration section */
		9DFD7BBC13978B7F0073F9E5 /* Debug */ = {
			isa = XCBuildConfiguration;
			buildSettings = {
				GCC_VERSION = "";
				HEADER_SEARCH_PATHS = /usr/local/include;
				MACOSX_DEPLOYMENT_TARGET = 10.7;
				USER_HEADER_SEARCH_PATHS = /Users/TyounanMOTI/Develop/ARD/ARD/include;
			};
			name = Debug;
		};
		9DFD7BBD13978B7F0073F9E5 /* Release */ = {
			isa = XCBuildConfiguration;
			buildSettings = {
				GCC_VERSION = "";
				HEADER_SEARCH_PATHS = /usr/local/include;
				MACOSX_DEPLOYMENT_TARGET = 10.7;
				USER_HEADER_SEARCH_PATHS = /Users/TyounanMOTI/Develop/ARD/ARD/include;
			};
			name = Release;
		};
		9DFD7BEE13978BCB0073F9E5 /* Debug */ = {
			isa = XCBuildConfiguration;
			buildSettings = {
				ALWAYS_SEARCH_USER_PATHS = NO;
				ARCHS = "$(ARCHS_STANDARD_32_64_BIT)";
				COPY_PHASE_STRIP = NO;
				DYLIB_COMPATIBILITY_VERSION = 1;
				DYLIB_CURRENT_VERSION = 1;
				FRAMEWORK_VERSION = A;
				GCC_C_LANGUAGE_STANDARD = gnu99;
				GCC_DYNAMIC_NO_PIC = YES;
				GCC_ENABLE_OBJC_EXCEPTIONS = YES;
				GCC_INPUT_FILETYPE = automatic;
				GCC_OPTIMIZATION_LEVEL = 0;
				GCC_PRECOMPILE_PREFIX_HEADER = NO;
				GCC_PREFIX_HEADER = "";
				GCC_PREPROCESSOR_DEFINITIONS = DEBUG;
				GCC_SYMBOLS_PRIVATE_EXTERN = NO;
				GCC_VERSION = "";
				GCC_WARN_64_TO_32_BIT_CONVERSION = YES;
				GCC_WARN_ABOUT_RETURN_TYPE = YES;
				GCC_WARN_UNUSED_VARIABLE = YES;
				HEADER_SEARCH_PATHS = /usr/local/include;
				INFOPLIST_FILE = "ARD/ARD-Info.plist";
				MACOSX_DEPLOYMENT_TARGET = 10.7;
				ONLY_ACTIVE_ARCH = YES;
				PRODUCT_NAME = "$(TARGET_NAME)";
				SDKROOT = macosx;
				USER_HEADER_SEARCH_PATHS = /Users/TyounanMOTI/Develop/ARD/ARD/include;
				WRAPPER_EXTENSION = framework;
			};
			name = Debug;
		};
		9DFD7BEF13978BCB0073F9E5 /* Release */ = {
			isa = XCBuildConfiguration;
			buildSettings = {
				ALWAYS_SEARCH_USER_PATHS = NO;
				ARCHS = "$(ARCHS_STANDARD_32_64_BIT)";
				COPY_PHASE_STRIP = YES;
				DEBUG_INFORMATION_FORMAT = "dwarf-with-dsym";
				DYLIB_COMPATIBILITY_VERSION = 1;
				DYLIB_CURRENT_VERSION = 1;
				FRAMEWORK_VERSION = A;
				GCC_C_LANGUAGE_STANDARD = gnu99;
				GCC_DYNAMIC_NO_PIC = YES;
				GCC_ENABLE_OBJC_EXCEPTIONS = YES;
				GCC_INPUT_FILETYPE = automatic;
				GCC_PRECOMPILE_PREFIX_HEADER = NO;
				GCC_PREFIX_HEADER = "";
				GCC_VERSION = "";
				GCC_WARN_64_TO_32_BIT_CONVERSION = YES;
				GCC_WARN_ABOUT_RETURN_TYPE = YES;
				GCC_WARN_UNUSED_VARIABLE = YES;
				HEADER_SEARCH_PATHS = /usr/local/include;
				INFOPLIST_FILE = "ARD/ARD-Info.plist";
				MACOSX_DEPLOYMENT_TARGET = 10.7;
				ONLY_ACTIVE_ARCH = YES;
				PRODUCT_NAME = "$(TARGET_NAME)";
				SDKROOT = macosx;
				USER_HEADER_SEARCH_PATHS = /Users/TyounanMOTI/Develop/ARD/ARD/include;
				WRAPPER_EXTENSION = framework;
			};
			name = Release;
		};
		9DFD7C0613978C450073F9E5 /* Debug */ = {
			isa = XCBuildConfiguration;
			buildSettings = {
				ALWAYS_SEARCH_USER_PATHS = YES;
				ARCHS = "$(ARCHS_STANDARD_32_64_BIT)";
				COPY_PHASE_STRIP = NO;
				GCC_C_LANGUAGE_STANDARD = gnu99;
				GCC_DYNAMIC_NO_PIC = NO;
				GCC_ENABLE_OBJC_EXCEPTIONS = YES;
				GCC_OPTIMIZATION_LEVEL = 0;
				GCC_PREPROCESSOR_DEFINITIONS = DEBUG;
				GCC_SYMBOLS_PRIVATE_EXTERN = NO;
				GCC_VERSION = "";
				GCC_WARN_64_TO_32_BIT_CONVERSION = YES;
				GCC_WARN_ABOUT_RETURN_TYPE = YES;
				GCC_WARN_UNUSED_VARIABLE = YES;
				HEADER_SEARCH_PATHS = /usr/local/include;
				LIBRARY_SEARCH_PATHS = (
					/usr/local/lib,
					"\"$(LOCAL_LIBRARY_DIR)/Frameworks/gtest.framework/Versions/A/Resources\"",
				);
				MACOSX_DEPLOYMENT_TARGET = 10.7;
				ONLY_ACTIVE_ARCH = YES;
				PRODUCT_NAME = "$(TARGET_NAME)";
				RUN_CLANG_STATIC_ANALYZER = NO;
				SDKROOT = macosx;
				USER_HEADER_SEARCH_PATHS = /Users/TyounanMOTI/Develop/ARD/ARD/include;
			};
			name = Debug;
		};
		9DFD7C0713978C450073F9E5 /* Release */ = {
			isa = XCBuildConfiguration;
			buildSettings = {
				ALWAYS_SEARCH_USER_PATHS = YES;
				ARCHS = "$(ARCHS_STANDARD_32_64_BIT)";
				COPY_PHASE_STRIP = YES;
				DEBUG_INFORMATION_FORMAT = "dwarf-with-dsym";
				GCC_C_LANGUAGE_STANDARD = gnu99;
				GCC_ENABLE_OBJC_EXCEPTIONS = YES;
				GCC_VERSION = "";
				GCC_WARN_64_TO_32_BIT_CONVERSION = YES;
				GCC_WARN_ABOUT_RETURN_TYPE = YES;
				GCC_WARN_UNUSED_VARIABLE = YES;
				HEADER_SEARCH_PATHS = /usr/local/include;
				LIBRARY_SEARCH_PATHS = (
					/usr/local/lib,
					"\"$(LOCAL_LIBRARY_DIR)/Frameworks/gtest.framework/Versions/A/Resources\"",
				);
				MACOSX_DEPLOYMENT_TARGET = 10.7;
				ONLY_ACTIVE_ARCH = YES;
				PRODUCT_NAME = "$(TARGET_NAME)";
				RUN_CLANG_STATIC_ANALYZER = NO;
				SDKROOT = macosx;
				USER_HEADER_SEARCH_PATHS = /Users/TyounanMOTI/Develop/ARD/ARD/include;
			};
			name = Release;
		};
/* End XCBuildConfiguration section */

/* Begin XCConfigurationList section */
		9DFD7BBA13978B7F0073F9E5 /* Build configuration list for PBXProject "ARD" */ = {
			isa = XCConfigurationList;
			buildConfigurations = (
				9DFD7BBC13978B7F0073F9E5 /* Debug */,
				9DFD7BBD13978B7F0073F9E5 /* Release */,
			);
			defaultConfigurationIsVisible = 0;
			defaultConfigurationName = Release;
		};
		9DFD7BED13978BCB0073F9E5 /* Build configuration list for PBXNativeTarget "ARD" */ = {
			isa = XCConfigurationList;
			buildConfigurations = (
				9DFD7BEE13978BCB0073F9E5 /* Debug */,
				9DFD7BEF13978BCB0073F9E5 /* Release */,
			);
			defaultConfigurationIsVisible = 0;
			defaultConfigurationName = Release;
		};
		9DFD7C0513978C450073F9E5 /* Build configuration list for PBXNativeTarget "ARD_test" */ = {
			isa = XCConfigurationList;
			buildConfigurations = (
				9DFD7C0613978C450073F9E5 /* Debug */,
				9DFD7C0713978C450073F9E5 /* Release */,
			);
			defaultConfigurationIsVisible = 0;
			defaultConfigurationName = Release;
		};
/* End XCConfigurationList section */
	};
	rootObject = 9DFD7BB713978B7F0073F9E5 /* Project object */;
}
